// !$*UTF8*$!
{
	archiveVersion = 1;
	classes = {
	};
	objectVersion = 55;
	objects = {

/* Begin PBXBuildFile section */
		1359F14828DA4869009509DF /* ActivityRepository.swift in Sources */ = {isa = PBXBuildFile; fileRef = 1359F14728DA4869009509DF /* ActivityRepository.swift */; };
		1359F14B28DA489A009509DF /* DayRepository.swift in Sources */ = {isa = PBXBuildFile; fileRef = 1359F14A28DA489A009509DF /* DayRepository.swift */; };
		1359F14D28DA48A8009509DF /* RoadmapRepository.swift in Sources */ = {isa = PBXBuildFile; fileRef = 1359F14C28DA48A8009509DF /* RoadmapRepository.swift */; };
		1359F14F28DA48AF009509DF /* UserRepository.swift in Sources */ = {isa = PBXBuildFile; fileRef = 1359F14E28DA48AF009509DF /* UserRepository.swift */; };
		1359F15228DA48D5009509DF /* ActivityRepositoryClass.swift in Sources */ = {isa = PBXBuildFile; fileRef = 1359F15128DA48D5009509DF /* ActivityRepositoryClass.swift */; };
		1359F15428DA48E5009509DF /* RoadmapRepositoryClass.swift in Sources */ = {isa = PBXBuildFile; fileRef = 1359F15328DA48E5009509DF /* RoadmapRepositoryClass.swift */; };
		1359F15628DA48F3009509DF /* DayRepositoryClass.swift in Sources */ = {isa = PBXBuildFile; fileRef = 1359F15528DA48F3009509DF /* DayRepositoryClass.swift */; };
		1359F15828DA48FD009509DF /* UserRepositoryClass.swift in Sources */ = {isa = PBXBuildFile; fileRef = 1359F15728DA48FD009509DF /* UserRepositoryClass.swift */; };
		135AC6A328DE1B01003E1CF3 /* DesignImagesActivities.swift in Sources */ = {isa = PBXBuildFile; fileRef = 135AC6A228DE1B01003E1CF3 /* DesignImagesActivities.swift */; };
		135AC6A528DE1BCF003E1CF3 /* DefaultDesignActivitiesImages.swift in Sources */ = {isa = PBXBuildFile; fileRef = 135AC6A428DE1BCF003E1CF3 /* DefaultDesignActivitiesImages.swift */; };
		1379743B28D5162C00AEA662 /* ReviewTravelView.swift in Sources */ = {isa = PBXBuildFile; fileRef = 1379743A28D5162C00AEA662 /* ReviewTravelView.swift */; };
		1379743D28D5165200AEA662 /* LocationSearchTableViewController.swift in Sources */ = {isa = PBXBuildFile; fileRef = 1379743C28D5165200AEA662 /* LocationSearchTableViewController.swift */; };
		1379744128D8E55000AEA662 /* CurrentViewController.swift in Sources */ = {isa = PBXBuildFile; fileRef = 1379744028D8E55000AEA662 /* CurrentViewController.swift */; };
		1379744328D8E56700AEA662 /* ProfileViewController.swift in Sources */ = {isa = PBXBuildFile; fileRef = 1379744228D8E56700AEA662 /* ProfileViewController.swift */; };
		1379744828D8E57B00AEA662 /* ReviewTravelViewController.swift in Sources */ = {isa = PBXBuildFile; fileRef = 1379744428D8E57B00AEA662 /* ReviewTravelViewController.swift */; };
		1379744A28D8E57B00AEA662 /* ProfileViewControllerExtension.swift in Sources */ = {isa = PBXBuildFile; fileRef = 1379744628D8E57B00AEA662 /* ProfileViewControllerExtension.swift */; };
		1379744B28D8E57B00AEA662 /* ProfileViewController+Settings.swift in Sources */ = {isa = PBXBuildFile; fileRef = 1379744728D8E57B00AEA662 /* ProfileViewController+Settings.swift */; };
		1379744D28D8E5CA00AEA662 /* ExploreViewController.swift in Sources */ = {isa = PBXBuildFile; fileRef = 1379744C28D8E5CA00AEA662 /* ExploreViewController.swift */; };
		1379745028D8E61B00AEA662 /* ProfileView.swift in Sources */ = {isa = PBXBuildFile; fileRef = 1379744F28D8E61B00AEA662 /* ProfileView.swift */; };
		1379745328D8E6B700AEA662 /* SettingsViewController.swift in Sources */ = {isa = PBXBuildFile; fileRef = 1379745128D8E6B700AEA662 /* SettingsViewController.swift */; };
		1379745428D8E6B700AEA662 /* SettingsView.swift in Sources */ = {isa = PBXBuildFile; fileRef = 1379745228D8E6B700AEA662 /* SettingsView.swift */; };
		13BD4FFB28D90EF700C0EA7C /* DesignSystem+UIImage.swift in Sources */ = {isa = PBXBuildFile; fileRef = 13BD4FFA28D90EF700C0EA7C /* DesignSystem+UIImage.swift */; };
		13BD4FFD28D90F5200C0EA7C /* DesignImages.swift in Sources */ = {isa = PBXBuildFile; fileRef = 13BD4FFC28D90F5200C0EA7C /* DesignImages.swift */; };
		13BD4FFF28D90F9700C0EA7C /* DefaultDesignSystemImages.swift in Sources */ = {isa = PBXBuildFile; fileRef = 13BD4FFE28D90F9700C0EA7C /* DefaultDesignSystemImages.swift */; };
		13BD500628DA28D600C0EA7C /* NewActivityViewController.swift in Sources */ = {isa = PBXBuildFile; fileRef = 13BD500528DA28D600C0EA7C /* NewActivityViewController.swift */; };
		13BD500828DA28E500C0EA7C /* NewActivityView.swift in Sources */ = {isa = PBXBuildFile; fileRef = 13BD500728DA28E500C0EA7C /* NewActivityView.swift */; };
		13BD500E28DA297500C0EA7C /* SignInWithAppleManager.swift in Sources */ = {isa = PBXBuildFile; fileRef = 13BD500A28DA297500C0EA7C /* SignInWithAppleManager.swift */; };
		13BD500F28DA297500C0EA7C /* KeychainManager.swift in Sources */ = {isa = PBXBuildFile; fileRef = 13BD500B28DA297500C0EA7C /* KeychainManager.swift */; };
		13BD501028DA297500C0EA7C /* LoginViewController.swift in Sources */ = {isa = PBXBuildFile; fileRef = 13BD500C28DA297500C0EA7C /* LoginViewController.swift */; };
		13BD501128DA297500C0EA7C /* LoginView.swift in Sources */ = {isa = PBXBuildFile; fileRef = 13BD500D28DA297500C0EA7C /* LoginView.swift */; };
		13BD501528DA2A8300C0EA7C /* CategoryActivityCollectionViewCell.swift in Sources */ = {isa = PBXBuildFile; fileRef = 13BD501328DA2A8300C0EA7C /* CategoryActivityCollectionViewCell.swift */; };
		13BD501628DA2A8300C0EA7C /* TextFieldTableViewCell.swift in Sources */ = {isa = PBXBuildFile; fileRef = 13BD501428DA2A8300C0EA7C /* TextFieldTableViewCell.swift */; };
		13C8A10628C6698100994196 /* .swiftlint.yml in Resources */ = {isa = PBXBuildFile; fileRef = 13C8A10528C6698100994196 /* .swiftlint.yml */; };
		13C8A10B28C6827800994196 /* Roadmaps.swift in Sources */ = {isa = PBXBuildFile; fileRef = 13C8A10A28C6827800994196 /* Roadmaps.swift */; };
		13C8A10D28C6828900994196 /* User.swift in Sources */ = {isa = PBXBuildFile; fileRef = 13C8A10C28C6828900994196 /* User.swift */; };
		13C8A10F28C6829100994196 /* Day.swift in Sources */ = {isa = PBXBuildFile; fileRef = 13C8A10E28C6829100994196 /* Day.swift */; };
		13C8A11128C6833D00994196 /* Like.swift in Sources */ = {isa = PBXBuildFile; fileRef = 13C8A11028C6833D00994196 /* Like.swift */; };
		13C8A11328C6835300994196 /* Activity.swift in Sources */ = {isa = PBXBuildFile; fileRef = 13C8A11228C6835300994196 /* Activity.swift */; };
		13C8A11628C68B7700994196 /* DataManager.swift in Sources */ = {isa = PBXBuildFile; fileRef = 13C8A11528C68B7700994196 /* DataManager.swift */; };
		13C8A11828C691F100994196 /* DataType.swift in Sources */ = {isa = PBXBuildFile; fileRef = 13C8A11728C691F100994196 /* DataType.swift */; };
		13C8A11D28CA681C00994196 /* Coordinator.swift in Sources */ = {isa = PBXBuildFile; fileRef = 13C8A11C28CA681C00994196 /* Coordinator.swift */; };
		13C8A12128CA690500994196 /* DesignSystem.swift in Sources */ = {isa = PBXBuildFile; fileRef = 13C8A12028CA690500994196 /* DesignSystem.swift */; };
		13C8A12328CA692500994196 /* DesignPalette.swift in Sources */ = {isa = PBXBuildFile; fileRef = 13C8A12228CA692500994196 /* DesignPalette.swift */; };
		13C8A12528CA693700994196 /* DesignSpacing.swift in Sources */ = {isa = PBXBuildFile; fileRef = 13C8A12428CA693700994196 /* DesignSpacing.swift */; };
		13C8A12728CA693F00994196 /* DesignText.swift in Sources */ = {isa = PBXBuildFile; fileRef = 13C8A12628CA693F00994196 /* DesignText.swift */; };
		13C8A12928CA69F300994196 /* ExploreCoordinator.swift in Sources */ = {isa = PBXBuildFile; fileRef = 13C8A12828CA69F300994196 /* ExploreCoordinator.swift */; };
		13C8A12B28CA6A0A00994196 /* CurrentCoordinator.swift in Sources */ = {isa = PBXBuildFile; fileRef = 13C8A12A28CA6A0A00994196 /* CurrentCoordinator.swift */; };
		13C8A12D28CA6A2500994196 /* ProfileCoordinator.swift in Sources */ = {isa = PBXBuildFile; fileRef = 13C8A12C28CA6A2500994196 /* ProfileCoordinator.swift */; };
		13C8A13028CA6AF400994196 /* DefaultDesignSystem.swift in Sources */ = {isa = PBXBuildFile; fileRef = 13C8A12F28CA6AF400994196 /* DefaultDesignSystem.swift */; };
		13C8A13228CA6B0400994196 /* DefaultDesignPalette.swift in Sources */ = {isa = PBXBuildFile; fileRef = 13C8A13128CA6B0400994196 /* DefaultDesignPalette.swift */; };
		13C8A13428CA6B4200994196 /* DefaultDesignSpacing.swift in Sources */ = {isa = PBXBuildFile; fileRef = 13C8A13328CA6B4200994196 /* DefaultDesignSpacing.swift */; };
		13C8A13628CA6C1100994196 /* TextStyle.swift in Sources */ = {isa = PBXBuildFile; fileRef = 13C8A13528CA6C1100994196 /* TextStyle.swift */; };
		13C8A13828CA75EA00994196 /* DesignSystem+UIColor.swift in Sources */ = {isa = PBXBuildFile; fileRef = 13C8A13728CA75EA00994196 /* DesignSystem+UIColor.swift */; };
		13C8A14928CFA66200994196 /* DestinyView.swift in Sources */ = {isa = PBXBuildFile; fileRef = 13C8A14828CFA66200994196 /* DestinyView.swift */; };
		13C8A15228CFC29500994196 /* HandleMapSearch.swift in Sources */ = {isa = PBXBuildFile; fileRef = 13C8A15128CFC29500994196 /* HandleMapSearch.swift */; };
		13EC5C5228DB8FF0005F7128 /* DesignDefaultImages.swift in Sources */ = {isa = PBXBuildFile; fileRef = 13EC5C5128DB8FF0005F7128 /* DesignDefaultImages.swift */; };
		13EC5C5428DB902F005F7128 /* DefaultDesignDefaultImages.swift in Sources */ = {isa = PBXBuildFile; fileRef = 13EC5C5328DB902F005F7128 /* DefaultDesignDefaultImages.swift */; };
		13F994E428D273EB00B077C0 /* NewRoadmapCoordinator.swift in Sources */ = {isa = PBXBuildFile; fileRef = 13F994E328D273EB00B077C0 /* NewRoadmapCoordinator.swift */; };
		13F994E728D393CE00B077C0 /* CategoryViewController.swift in Sources */ = {isa = PBXBuildFile; fileRef = 13F994E628D393CE00B077C0 /* CategoryViewController.swift */; };
		13F994E928D393D900B077C0 /* DestinyViewController.swift in Sources */ = {isa = PBXBuildFile; fileRef = 13F994E828D393D900B077C0 /* DestinyViewController.swift */; };
		13F994EB28D393E500B077C0 /* DaysViewController.swift in Sources */ = {isa = PBXBuildFile; fileRef = 13F994EA28D393E500B077C0 /* DaysViewController.swift */; };
		13F994FA28D3B21900B077C0 /* RoadmapToolbar.swift in Sources */ = {isa = PBXBuildFile; fileRef = 13F994F928D3B21800B077C0 /* RoadmapToolbar.swift */; };
		1467706728D2699D00D55098 /* LabelTableViewCell.swift in Sources */ = {isa = PBXBuildFile; fileRef = 1467706628D2699D00D55098 /* LabelTableViewCell.swift */; };
		640CD5CCE40B36AB975231D2 /* Pods_macroChallengeApp_macroChallengeAppUITests.framework in Frameworks */ = {isa = PBXBuildFile; fileRef = D148866C3AA7A72395A6BDAC /* Pods_macroChallengeApp_macroChallengeAppUITests.framework */; };
		8937FC4EB5BEAACC958B84A1 /* Pods_macroChallengeAppTests.framework in Frameworks */ = {isa = PBXBuildFile; fileRef = 690BA5B7FB893AA45078E000 /* Pods_macroChallengeAppTests.framework */; };
		90297BBF83D0A825FF081EB4 /* Pods_macroChallengeApp.framework in Frameworks */ = {isa = PBXBuildFile; fileRef = F7DE71B5E41E8936B5C2E6AF /* Pods_macroChallengeApp.framework */; };
		A04959C628DCEC92009156C8 /* ActivityTableViewCell.swift in Sources */ = {isa = PBXBuildFile; fileRef = A04959C528DCEC92009156C8 /* ActivityTableViewCell.swift */; };
		A04B45D628D5051E0045558E /* ProfileCollectionViewCell.swift in Sources */ = {isa = PBXBuildFile; fileRef = A04B45D528D5051E0045558E /* ProfileCollectionViewCell.swift */; };
		A04B45DE28D62A4B0045558E /* SettingsTableViewCell.swift in Sources */ = {isa = PBXBuildFile; fileRef = A04B45DD28D62A4B0045558E /* SettingsTableViewCell.swift */; };
		A0A8BAB628E4E824006A8BDD /* String+Localization.swift in Sources */ = {isa = PBXBuildFile; fileRef = A0A8BAB528E4E824006A8BDD /* String+Localization.swift */; };
		A0A8BABA28E4E8C0006A8BDD /* Localizable.strings in Resources */ = {isa = PBXBuildFile; fileRef = A0A8BABC28E4E8C0006A8BDD /* Localizable.strings */; };
		A0B9F4BD28D8FB5000F2DF06 /* NotificationsViewController.swift in Sources */ = {isa = PBXBuildFile; fileRef = A0B9F4BC28D8FB5000F2DF06 /* NotificationsViewController.swift */; };
		A0B9F4BF28D8FB5900F2DF06 /* NotificationsView.swift in Sources */ = {isa = PBXBuildFile; fileRef = A0B9F4BE28D8FB5900F2DF06 /* NotificationsView.swift */; };
		A0B9F4C128D8FD5100F2DF06 /* SettingsViewController+Notifications.swift in Sources */ = {isa = PBXBuildFile; fileRef = A0B9F4C028D8FD5100F2DF06 /* SettingsViewController+Notifications.swift */; };
		A0B9F4C328D8FFB600F2DF06 /* NotificationPickerTableViewCell.swift in Sources */ = {isa = PBXBuildFile; fileRef = A0B9F4C228D8FFB600F2DF06 /* NotificationPickerTableViewCell.swift */; };
		A0B9F4C528D90A7C00F2DF06 /* SwitchTableViewCell.swift in Sources */ = {isa = PBXBuildFile; fileRef = A0B9F4C428D90A7C00F2DF06 /* SwitchTableViewCell.swift */; };
		A0B9F4C728DA2A4C00F2DF06 /* TermsView.swift in Sources */ = {isa = PBXBuildFile; fileRef = A0B9F4C628DA2A4C00F2DF06 /* TermsView.swift */; };
		A0B9F4C928DA2A5400F2DF06 /* TermsViewController.swift in Sources */ = {isa = PBXBuildFile; fileRef = A0B9F4C828DA2A5400F2DF06 /* TermsViewController.swift */; };
		A0B9F4CB28DA2E3B00F2DF06 /* EditProfileView.swift in Sources */ = {isa = PBXBuildFile; fileRef = A0B9F4CA28DA2E3B00F2DF06 /* EditProfileView.swift */; };
		A0B9F4CD28DA2E6100F2DF06 /* EditProfileViewController.swift in Sources */ = {isa = PBXBuildFile; fileRef = A0B9F4CC28DA2E6100F2DF06 /* EditProfileViewController.swift */; };
		A0B9F4CF28DA342300F2DF06 /* LikedRoadmapsView.swift in Sources */ = {isa = PBXBuildFile; fileRef = A0B9F4CE28DA342300F2DF06 /* LikedRoadmapsView.swift */; };
		A0B9F4D128DA342B00F2DF06 /* LikedRoadmapsViewController.swift in Sources */ = {isa = PBXBuildFile; fileRef = A0B9F4D028DA342B00F2DF06 /* LikedRoadmapsViewController.swift */; };
		A0FD739928DA7EF00044E47C /* MyTripView.swift in Sources */ = {isa = PBXBuildFile; fileRef = A0FD739828DA7EF00044E47C /* MyTripView.swift */; };
		A0FD739B28DA7EF70044E47C /* MyTripViewController.swift in Sources */ = {isa = PBXBuildFile; fileRef = A0FD739A28DA7EF70044E47C /* MyTripViewController.swift */; };
		A0FD739D28DA7F780044E47C /* MyTripViewControllerExtension.swift in Sources */ = {isa = PBXBuildFile; fileRef = A0FD739C28DA7F780044E47C /* MyTripViewControllerExtension.swift */; };
		A0FD739F28DA82250044E47C /* InfoTripCollectionViewCell.swift in Sources */ = {isa = PBXBuildFile; fileRef = A0FD739E28DA82250044E47C /* InfoTripCollectionViewCell.swift */; };
		A0FD73A528DBA76F0044E47C /* CalendarCollectionViewCell.swift in Sources */ = {isa = PBXBuildFile; fileRef = A0FD73A428DBA76E0044E47C /* CalendarCollectionViewCell.swift */; };
		B04BA9A628DA498800EBA44A /* TimePickerTableViewCell.swift in Sources */ = {isa = PBXBuildFile; fileRef = B04BA9A528DA498800EBA44A /* TimePickerTableViewCell.swift */; };
		B04BA9A828DA5B4F00EBA44A /* ValueTableViewCell.swift in Sources */ = {isa = PBXBuildFile; fileRef = B04BA9A728DA5B4F00EBA44A /* ValueTableViewCell.swift */; };
		B05A9C5328DB860F004859F8 /* CurrencyTableViewCell.swift in Sources */ = {isa = PBXBuildFile; fileRef = B05A9C5228DB860F004859F8 /* CurrencyTableViewCell.swift */; };
		B05A9C5528DBA53D004859F8 /* LocationNewActivityViewController.swift in Sources */ = {isa = PBXBuildFile; fileRef = B05A9C5428DBA53D004859F8 /* LocationNewActivityViewController.swift */; };
		B05A9C5728DBA795004859F8 /* AddressTableViewCell.swift in Sources */ = {isa = PBXBuildFile; fileRef = B05A9C5628DBA795004859F8 /* AddressTableViewCell.swift */; };
		B078F21628C27F2000D46F61 /* AppDelegate.swift in Sources */ = {isa = PBXBuildFile; fileRef = B078F21528C27F2000D46F61 /* AppDelegate.swift */; };
		B078F21828C27F2000D46F61 /* SceneDelegate.swift in Sources */ = {isa = PBXBuildFile; fileRef = B078F21728C27F2000D46F61 /* SceneDelegate.swift */; };
		B078F22028C27F2000D46F61 /* macroChallengeApp.xcdatamodeld in Sources */ = {isa = PBXBuildFile; fileRef = B078F21E28C27F2000D46F61 /* macroChallengeApp.xcdatamodeld */; };
		B078F22228C27F2400D46F61 /* Assets.xcassets in Resources */ = {isa = PBXBuildFile; fileRef = B078F22128C27F2400D46F61 /* Assets.xcassets */; };
		B078F22528C27F2400D46F61 /* LaunchScreen.storyboard in Resources */ = {isa = PBXBuildFile; fileRef = B078F22328C27F2400D46F61 /* LaunchScreen.storyboard */; };
		B078F23028C27F2500D46F61 /* macroChallengeAppTests.swift in Sources */ = {isa = PBXBuildFile; fileRef = B078F22F28C27F2500D46F61 /* macroChallengeAppTests.swift */; };
		B078F23A28C27F2500D46F61 /* macroChallengeAppUITests.swift in Sources */ = {isa = PBXBuildFile; fileRef = B078F23928C27F2500D46F61 /* macroChallengeAppUITests.swift */; };
		B078F23C28C27F2500D46F61 /* macroChallengeAppUITestsLaunchTests.swift in Sources */ = {isa = PBXBuildFile; fileRef = B078F23B28C27F2500D46F61 /* macroChallengeAppUITestsLaunchTests.swift */; };
		B0AC251628E21DEB00F38525 /* CurrentEmptyState.swift in Sources */ = {isa = PBXBuildFile; fileRef = B0AC251528E21DEB00F38525 /* CurrentEmptyState.swift */; };
		B0B17FE528E4DABF0010B00C /* CurrentCountDown.swift in Sources */ = {isa = PBXBuildFile; fileRef = B0B17FE428E4DABF0010B00C /* CurrentCountDown.swift */; };
		B0CDF35028CFC7E90092A76C /* Category.swift in Sources */ = {isa = PBXBuildFile; fileRef = B0CDF34F28CFC7E90092A76C /* Category.swift */; };
		B0E2461528CFA3EE00D62AF1 /* CategoryViewCell.swift in Sources */ = {isa = PBXBuildFile; fileRef = B0E2461428CFA3EE00D62AF1 /* CategoryViewCell.swift */; };
		B0E2461728CFA85E00D62AF1 /* CategoryView.swift in Sources */ = {isa = PBXBuildFile; fileRef = B0E2461628CFA85E00D62AF1 /* CategoryView.swift */; };
		DF2643AB28DB9CC500053180 /* UserRoadmap.swift in Sources */ = {isa = PBXBuildFile; fileRef = DF2643AA28DB9CC500053180 /* UserRoadmap.swift */; };
		DF2643AD28DB9EAD00053180 /* RoadmapDTO.swift in Sources */ = {isa = PBXBuildFile; fileRef = DF2643AC28DB9EAD00053180 /* RoadmapDTO.swift */; };
		DF57253D28D110E1005466D9 /* DaysView.swift in Sources */ = {isa = PBXBuildFile; fileRef = DF57253C28D110E1005466D9 /* DaysView.swift */; };
		DF57254128D11559005466D9 /* DatePickerTableViewCell.swift in Sources */ = {isa = PBXBuildFile; fileRef = DF57254028D11559005466D9 /* DatePickerTableViewCell.swift */; };
		DF57254328D241D2005466D9 /* NumberPickerTableViewCell.swift in Sources */ = {isa = PBXBuildFile; fileRef = DF57254228D241D2005466D9 /* NumberPickerTableViewCell.swift */; };
		DF5F774128CA7E1600BA5F5F /* DesignSystem+UIFont.swift in Sources */ = {isa = PBXBuildFile; fileRef = DF5F774028CA7E1600BA5F5F /* DesignSystem+UIFont.swift */; };
		DF5F774328CA820200BA5F5F /* DefaultDesignTextFonts.swift in Sources */ = {isa = PBXBuildFile; fileRef = DF5F774228CA820200BA5F5F /* DefaultDesignTextFonts.swift */; };
		DF5F774528CA846C00BA5F5F /* UILabel+Font.swift in Sources */ = {isa = PBXBuildFile; fileRef = DF5F774428CA846C00BA5F5F /* UILabel+Font.swift */; };
		DF5F774728CA853000BA5F5F /* CustomLabelDesignable.swift in Sources */ = {isa = PBXBuildFile; fileRef = DF5F774628CA853000BA5F5F /* CustomLabelDesignable.swift */; };
		DFA30CAF28DA2E5A00F316EB /* TabBarController.swift in Sources */ = {isa = PBXBuildFile; fileRef = DFA30CAE28DA2E5A00F316EB /* TabBarController.swift */; };
/* End PBXBuildFile section */

/* Begin PBXContainerItemProxy section */
		B078F22C28C27F2500D46F61 /* PBXContainerItemProxy */ = {
			isa = PBXContainerItemProxy;
			containerPortal = B078F20A28C27F2000D46F61 /* Project object */;
			proxyType = 1;
			remoteGlobalIDString = B078F21128C27F2000D46F61;
			remoteInfo = macroChallengeApp;
		};
		B078F23628C27F2500D46F61 /* PBXContainerItemProxy */ = {
			isa = PBXContainerItemProxy;
			containerPortal = B078F20A28C27F2000D46F61 /* Project object */;
			proxyType = 1;
			remoteGlobalIDString = B078F21128C27F2000D46F61;
			remoteInfo = macroChallengeApp;
		};
/* End PBXContainerItemProxy section */

/* Begin PBXFileReference section */
		1359F14728DA4869009509DF /* ActivityRepository.swift */ = {isa = PBXFileReference; lastKnownFileType = sourcecode.swift; path = ActivityRepository.swift; sourceTree = "<group>"; };
		1359F14A28DA489A009509DF /* DayRepository.swift */ = {isa = PBXFileReference; lastKnownFileType = sourcecode.swift; path = DayRepository.swift; sourceTree = "<group>"; };
		1359F14C28DA48A8009509DF /* RoadmapRepository.swift */ = {isa = PBXFileReference; lastKnownFileType = sourcecode.swift; path = RoadmapRepository.swift; sourceTree = "<group>"; };
		1359F14E28DA48AF009509DF /* UserRepository.swift */ = {isa = PBXFileReference; lastKnownFileType = sourcecode.swift; path = UserRepository.swift; sourceTree = "<group>"; };
		1359F15128DA48D5009509DF /* ActivityRepositoryClass.swift */ = {isa = PBXFileReference; lastKnownFileType = sourcecode.swift; path = ActivityRepositoryClass.swift; sourceTree = "<group>"; };
		1359F15328DA48E5009509DF /* RoadmapRepositoryClass.swift */ = {isa = PBXFileReference; lastKnownFileType = sourcecode.swift; path = RoadmapRepositoryClass.swift; sourceTree = "<group>"; };
		1359F15528DA48F3009509DF /* DayRepositoryClass.swift */ = {isa = PBXFileReference; lastKnownFileType = sourcecode.swift; path = DayRepositoryClass.swift; sourceTree = "<group>"; };
		1359F15728DA48FD009509DF /* UserRepositoryClass.swift */ = {isa = PBXFileReference; lastKnownFileType = sourcecode.swift; path = UserRepositoryClass.swift; sourceTree = "<group>"; };
		135AC6A228DE1B01003E1CF3 /* DesignImagesActivities.swift */ = {isa = PBXFileReference; lastKnownFileType = sourcecode.swift; path = DesignImagesActivities.swift; sourceTree = "<group>"; };
		135AC6A428DE1BCF003E1CF3 /* DefaultDesignActivitiesImages.swift */ = {isa = PBXFileReference; lastKnownFileType = sourcecode.swift; path = DefaultDesignActivitiesImages.swift; sourceTree = "<group>"; };
		1379743A28D5162C00AEA662 /* ReviewTravelView.swift */ = {isa = PBXFileReference; fileEncoding = 4; lastKnownFileType = sourcecode.swift; path = ReviewTravelView.swift; sourceTree = "<group>"; };
		1379743C28D5165200AEA662 /* LocationSearchTableViewController.swift */ = {isa = PBXFileReference; fileEncoding = 4; lastKnownFileType = sourcecode.swift; name = LocationSearchTableViewController.swift; path = macroChallengeApp/Components/LocationSearchTableViewController.swift; sourceTree = SOURCE_ROOT; };
		1379744028D8E55000AEA662 /* CurrentViewController.swift */ = {isa = PBXFileReference; fileEncoding = 4; lastKnownFileType = sourcecode.swift; path = CurrentViewController.swift; sourceTree = "<group>"; };
		1379744228D8E56700AEA662 /* ProfileViewController.swift */ = {isa = PBXFileReference; fileEncoding = 4; lastKnownFileType = sourcecode.swift; path = ProfileViewController.swift; sourceTree = "<group>"; };
		1379744428D8E57B00AEA662 /* ReviewTravelViewController.swift */ = {isa = PBXFileReference; fileEncoding = 4; lastKnownFileType = sourcecode.swift; path = ReviewTravelViewController.swift; sourceTree = "<group>"; };
		1379744628D8E57B00AEA662 /* ProfileViewControllerExtension.swift */ = {isa = PBXFileReference; fileEncoding = 4; lastKnownFileType = sourcecode.swift; path = ProfileViewControllerExtension.swift; sourceTree = "<group>"; };
		1379744728D8E57B00AEA662 /* ProfileViewController+Settings.swift */ = {isa = PBXFileReference; fileEncoding = 4; lastKnownFileType = sourcecode.swift; path = "ProfileViewController+Settings.swift"; sourceTree = "<group>"; };
		1379744C28D8E5CA00AEA662 /* ExploreViewController.swift */ = {isa = PBXFileReference; fileEncoding = 4; lastKnownFileType = sourcecode.swift; path = ExploreViewController.swift; sourceTree = "<group>"; };
		1379744F28D8E61B00AEA662 /* ProfileView.swift */ = {isa = PBXFileReference; fileEncoding = 4; lastKnownFileType = sourcecode.swift; name = ProfileView.swift; path = macroChallengeApp/Flows/NewRoadmap/View/ProfileView.swift; sourceTree = SOURCE_ROOT; };
		1379745128D8E6B700AEA662 /* SettingsViewController.swift */ = {isa = PBXFileReference; fileEncoding = 4; lastKnownFileType = sourcecode.swift; name = SettingsViewController.swift; path = macroChallengeApp/Flows/Profile/ViewController/SettingsViewController.swift; sourceTree = SOURCE_ROOT; };
		1379745228D8E6B700AEA662 /* SettingsView.swift */ = {isa = PBXFileReference; fileEncoding = 4; lastKnownFileType = sourcecode.swift; name = SettingsView.swift; path = macroChallengeApp/Flows/NewRoadmap/View/SettingsView.swift; sourceTree = SOURCE_ROOT; };
		13BD4FFA28D90EF700C0EA7C /* DesignSystem+UIImage.swift */ = {isa = PBXFileReference; lastKnownFileType = sourcecode.swift; path = "DesignSystem+UIImage.swift"; sourceTree = "<group>"; };
		13BD4FFC28D90F5200C0EA7C /* DesignImages.swift */ = {isa = PBXFileReference; lastKnownFileType = sourcecode.swift; path = DesignImages.swift; sourceTree = "<group>"; };
		13BD4FFE28D90F9700C0EA7C /* DefaultDesignSystemImages.swift */ = {isa = PBXFileReference; lastKnownFileType = sourcecode.swift; path = DefaultDesignSystemImages.swift; sourceTree = "<group>"; };
		13BD500528DA28D600C0EA7C /* NewActivityViewController.swift */ = {isa = PBXFileReference; lastKnownFileType = sourcecode.swift; path = NewActivityViewController.swift; sourceTree = "<group>"; };
		13BD500728DA28E500C0EA7C /* NewActivityView.swift */ = {isa = PBXFileReference; lastKnownFileType = sourcecode.swift; path = NewActivityView.swift; sourceTree = "<group>"; };
		13BD500A28DA297500C0EA7C /* SignInWithAppleManager.swift */ = {isa = PBXFileReference; fileEncoding = 4; lastKnownFileType = sourcecode.swift; path = SignInWithAppleManager.swift; sourceTree = "<group>"; };
		13BD500B28DA297500C0EA7C /* KeychainManager.swift */ = {isa = PBXFileReference; fileEncoding = 4; lastKnownFileType = sourcecode.swift; path = KeychainManager.swift; sourceTree = "<group>"; };
		13BD500C28DA297500C0EA7C /* LoginViewController.swift */ = {isa = PBXFileReference; fileEncoding = 4; lastKnownFileType = sourcecode.swift; path = LoginViewController.swift; sourceTree = "<group>"; };
		13BD500D28DA297500C0EA7C /* LoginView.swift */ = {isa = PBXFileReference; fileEncoding = 4; lastKnownFileType = sourcecode.swift; path = LoginView.swift; sourceTree = "<group>"; };
		13BD501328DA2A8300C0EA7C /* CategoryActivityCollectionViewCell.swift */ = {isa = PBXFileReference; fileEncoding = 4; lastKnownFileType = sourcecode.swift; path = CategoryActivityCollectionViewCell.swift; sourceTree = "<group>"; };
		13BD501428DA2A8300C0EA7C /* TextFieldTableViewCell.swift */ = {isa = PBXFileReference; fileEncoding = 4; lastKnownFileType = sourcecode.swift; path = TextFieldTableViewCell.swift; sourceTree = "<group>"; };
		13C8A10528C6698100994196 /* .swiftlint.yml */ = {isa = PBXFileReference; lastKnownFileType = text.yaml; path = .swiftlint.yml; sourceTree = "<group>"; };
		13C8A10A28C6827800994196 /* Roadmaps.swift */ = {isa = PBXFileReference; lastKnownFileType = sourcecode.swift; path = Roadmaps.swift; sourceTree = "<group>"; };
		13C8A10C28C6828900994196 /* User.swift */ = {isa = PBXFileReference; lastKnownFileType = sourcecode.swift; path = User.swift; sourceTree = "<group>"; };
		13C8A10E28C6829100994196 /* Day.swift */ = {isa = PBXFileReference; lastKnownFileType = sourcecode.swift; path = Day.swift; sourceTree = "<group>"; };
		13C8A11028C6833D00994196 /* Like.swift */ = {isa = PBXFileReference; lastKnownFileType = sourcecode.swift; path = Like.swift; sourceTree = "<group>"; };
		13C8A11228C6835300994196 /* Activity.swift */ = {isa = PBXFileReference; lastKnownFileType = sourcecode.swift; path = Activity.swift; sourceTree = "<group>"; };
		13C8A11528C68B7700994196 /* DataManager.swift */ = {isa = PBXFileReference; lastKnownFileType = sourcecode.swift; path = DataManager.swift; sourceTree = "<group>"; };
		13C8A11728C691F100994196 /* DataType.swift */ = {isa = PBXFileReference; lastKnownFileType = sourcecode.swift; path = DataType.swift; sourceTree = "<group>"; };
		13C8A11C28CA681C00994196 /* Coordinator.swift */ = {isa = PBXFileReference; lastKnownFileType = sourcecode.swift; path = Coordinator.swift; sourceTree = "<group>"; };
		13C8A12028CA690500994196 /* DesignSystem.swift */ = {isa = PBXFileReference; lastKnownFileType = sourcecode.swift; path = DesignSystem.swift; sourceTree = "<group>"; };
		13C8A12228CA692500994196 /* DesignPalette.swift */ = {isa = PBXFileReference; lastKnownFileType = sourcecode.swift; path = DesignPalette.swift; sourceTree = "<group>"; };
		13C8A12428CA693700994196 /* DesignSpacing.swift */ = {isa = PBXFileReference; lastKnownFileType = sourcecode.swift; path = DesignSpacing.swift; sourceTree = "<group>"; };
		13C8A12628CA693F00994196 /* DesignText.swift */ = {isa = PBXFileReference; lastKnownFileType = sourcecode.swift; path = DesignText.swift; sourceTree = "<group>"; };
		13C8A12828CA69F300994196 /* ExploreCoordinator.swift */ = {isa = PBXFileReference; lastKnownFileType = sourcecode.swift; path = ExploreCoordinator.swift; sourceTree = "<group>"; };
		13C8A12A28CA6A0A00994196 /* CurrentCoordinator.swift */ = {isa = PBXFileReference; lastKnownFileType = sourcecode.swift; path = CurrentCoordinator.swift; sourceTree = "<group>"; };
		13C8A12C28CA6A2500994196 /* ProfileCoordinator.swift */ = {isa = PBXFileReference; lastKnownFileType = sourcecode.swift; path = ProfileCoordinator.swift; sourceTree = "<group>"; };
		13C8A12F28CA6AF400994196 /* DefaultDesignSystem.swift */ = {isa = PBXFileReference; lastKnownFileType = sourcecode.swift; path = DefaultDesignSystem.swift; sourceTree = "<group>"; };
		13C8A13128CA6B0400994196 /* DefaultDesignPalette.swift */ = {isa = PBXFileReference; lastKnownFileType = sourcecode.swift; path = DefaultDesignPalette.swift; sourceTree = "<group>"; };
		13C8A13328CA6B4200994196 /* DefaultDesignSpacing.swift */ = {isa = PBXFileReference; lastKnownFileType = sourcecode.swift; path = DefaultDesignSpacing.swift; sourceTree = "<group>"; };
		13C8A13528CA6C1100994196 /* TextStyle.swift */ = {isa = PBXFileReference; lastKnownFileType = sourcecode.swift; path = TextStyle.swift; sourceTree = "<group>"; };
		13C8A13728CA75EA00994196 /* DesignSystem+UIColor.swift */ = {isa = PBXFileReference; lastKnownFileType = sourcecode.swift; path = "DesignSystem+UIColor.swift"; sourceTree = "<group>"; };
		13C8A14828CFA66200994196 /* DestinyView.swift */ = {isa = PBXFileReference; lastKnownFileType = sourcecode.swift; path = DestinyView.swift; sourceTree = "<group>"; };
		13C8A15128CFC29500994196 /* HandleMapSearch.swift */ = {isa = PBXFileReference; lastKnownFileType = sourcecode.swift; path = HandleMapSearch.swift; sourceTree = "<group>"; };
		13EC5C5128DB8FF0005F7128 /* DesignDefaultImages.swift */ = {isa = PBXFileReference; lastKnownFileType = sourcecode.swift; path = DesignDefaultImages.swift; sourceTree = "<group>"; };
		13EC5C5328DB902F005F7128 /* DefaultDesignDefaultImages.swift */ = {isa = PBXFileReference; lastKnownFileType = sourcecode.swift; path = DefaultDesignDefaultImages.swift; sourceTree = "<group>"; };
		13F994E328D273EB00B077C0 /* NewRoadmapCoordinator.swift */ = {isa = PBXFileReference; lastKnownFileType = sourcecode.swift; path = NewRoadmapCoordinator.swift; sourceTree = "<group>"; };
		13F994E628D393CE00B077C0 /* CategoryViewController.swift */ = {isa = PBXFileReference; lastKnownFileType = sourcecode.swift; path = CategoryViewController.swift; sourceTree = "<group>"; };
		13F994E828D393D900B077C0 /* DestinyViewController.swift */ = {isa = PBXFileReference; lastKnownFileType = sourcecode.swift; path = DestinyViewController.swift; sourceTree = "<group>"; };
		13F994EA28D393E500B077C0 /* DaysViewController.swift */ = {isa = PBXFileReference; lastKnownFileType = sourcecode.swift; path = DaysViewController.swift; sourceTree = "<group>"; };
		13F994F928D3B21800B077C0 /* RoadmapToolbar.swift */ = {isa = PBXFileReference; lastKnownFileType = sourcecode.swift; path = RoadmapToolbar.swift; sourceTree = "<group>"; };
		1467706628D2699D00D55098 /* LabelTableViewCell.swift */ = {isa = PBXFileReference; lastKnownFileType = sourcecode.swift; path = LabelTableViewCell.swift; sourceTree = "<group>"; };
		277A5A175FEAF690AE55045F /* Pods-macroChallengeAppTests.debug.xcconfig */ = {isa = PBXFileReference; includeInIndex = 1; lastKnownFileType = text.xcconfig; name = "Pods-macroChallengeAppTests.debug.xcconfig"; path = "Target Support Files/Pods-macroChallengeAppTests/Pods-macroChallengeAppTests.debug.xcconfig"; sourceTree = "<group>"; };
		4842CC9B9D145281B17CEC0E /* Pods-macroChallengeAppTests.release.xcconfig */ = {isa = PBXFileReference; includeInIndex = 1; lastKnownFileType = text.xcconfig; name = "Pods-macroChallengeAppTests.release.xcconfig"; path = "Target Support Files/Pods-macroChallengeAppTests/Pods-macroChallengeAppTests.release.xcconfig"; sourceTree = "<group>"; };
		690BA5B7FB893AA45078E000 /* Pods_macroChallengeAppTests.framework */ = {isa = PBXFileReference; explicitFileType = wrapper.framework; includeInIndex = 0; path = Pods_macroChallengeAppTests.framework; sourceTree = BUILT_PRODUCTS_DIR; };
		9F3A7956A6476CF7C11EC092 /* Pods-macroChallengeApp.debug.xcconfig */ = {isa = PBXFileReference; includeInIndex = 1; lastKnownFileType = text.xcconfig; name = "Pods-macroChallengeApp.debug.xcconfig"; path = "Target Support Files/Pods-macroChallengeApp/Pods-macroChallengeApp.debug.xcconfig"; sourceTree = "<group>"; };
		A04959C528DCEC92009156C8 /* ActivityTableViewCell.swift */ = {isa = PBXFileReference; lastKnownFileType = sourcecode.swift; path = ActivityTableViewCell.swift; sourceTree = "<group>"; };
		A04B45D528D5051E0045558E /* ProfileCollectionViewCell.swift */ = {isa = PBXFileReference; lastKnownFileType = sourcecode.swift; path = ProfileCollectionViewCell.swift; sourceTree = "<group>"; };
		A04B45DD28D62A4B0045558E /* SettingsTableViewCell.swift */ = {isa = PBXFileReference; lastKnownFileType = sourcecode.swift; path = SettingsTableViewCell.swift; sourceTree = "<group>"; };
		A0A8BAB528E4E824006A8BDD /* String+Localization.swift */ = {isa = PBXFileReference; lastKnownFileType = sourcecode.swift; path = "String+Localization.swift"; sourceTree = "<group>"; };
		A0A8BABB28E4E8C0006A8BDD /* en */ = {isa = PBXFileReference; lastKnownFileType = text.plist.strings; name = en; path = en.lproj/Localizable.strings; sourceTree = "<group>"; };
		A0A8BABD28E4E8CE006A8BDD /* pt-BR */ = {isa = PBXFileReference; lastKnownFileType = text.plist.strings; name = "pt-BR"; path = "pt-BR.lproj/LaunchScreen.strings"; sourceTree = "<group>"; };
		A0A8BABE28E4E8CE006A8BDD /* pt-BR */ = {isa = PBXFileReference; lastKnownFileType = text.plist.strings; name = "pt-BR"; path = "pt-BR.lproj/Localizable.strings"; sourceTree = "<group>"; };
		A0B9F4BC28D8FB5000F2DF06 /* NotificationsViewController.swift */ = {isa = PBXFileReference; lastKnownFileType = sourcecode.swift; path = NotificationsViewController.swift; sourceTree = "<group>"; };
		A0B9F4BE28D8FB5900F2DF06 /* NotificationsView.swift */ = {isa = PBXFileReference; lastKnownFileType = sourcecode.swift; path = NotificationsView.swift; sourceTree = "<group>"; };
		A0B9F4C028D8FD5100F2DF06 /* SettingsViewController+Notifications.swift */ = {isa = PBXFileReference; lastKnownFileType = sourcecode.swift; path = "SettingsViewController+Notifications.swift"; sourceTree = "<group>"; };
		A0B9F4C228D8FFB600F2DF06 /* NotificationPickerTableViewCell.swift */ = {isa = PBXFileReference; lastKnownFileType = sourcecode.swift; path = NotificationPickerTableViewCell.swift; sourceTree = "<group>"; };
		A0B9F4C428D90A7C00F2DF06 /* SwitchTableViewCell.swift */ = {isa = PBXFileReference; lastKnownFileType = sourcecode.swift; path = SwitchTableViewCell.swift; sourceTree = "<group>"; };
		A0B9F4C628DA2A4C00F2DF06 /* TermsView.swift */ = {isa = PBXFileReference; lastKnownFileType = sourcecode.swift; path = TermsView.swift; sourceTree = "<group>"; };
		A0B9F4C828DA2A5400F2DF06 /* TermsViewController.swift */ = {isa = PBXFileReference; lastKnownFileType = sourcecode.swift; path = TermsViewController.swift; sourceTree = "<group>"; };
		A0B9F4CA28DA2E3B00F2DF06 /* EditProfileView.swift */ = {isa = PBXFileReference; lastKnownFileType = sourcecode.swift; path = EditProfileView.swift; sourceTree = "<group>"; };
		A0B9F4CC28DA2E6100F2DF06 /* EditProfileViewController.swift */ = {isa = PBXFileReference; lastKnownFileType = sourcecode.swift; path = EditProfileViewController.swift; sourceTree = "<group>"; };
		A0B9F4CE28DA342300F2DF06 /* LikedRoadmapsView.swift */ = {isa = PBXFileReference; lastKnownFileType = sourcecode.swift; path = LikedRoadmapsView.swift; sourceTree = "<group>"; };
		A0B9F4D028DA342B00F2DF06 /* LikedRoadmapsViewController.swift */ = {isa = PBXFileReference; lastKnownFileType = sourcecode.swift; path = LikedRoadmapsViewController.swift; sourceTree = "<group>"; };
		A0FD739828DA7EF00044E47C /* MyTripView.swift */ = {isa = PBXFileReference; lastKnownFileType = sourcecode.swift; path = MyTripView.swift; sourceTree = "<group>"; };
		A0FD739A28DA7EF70044E47C /* MyTripViewController.swift */ = {isa = PBXFileReference; lastKnownFileType = sourcecode.swift; path = MyTripViewController.swift; sourceTree = "<group>"; };
		A0FD739C28DA7F780044E47C /* MyTripViewControllerExtension.swift */ = {isa = PBXFileReference; lastKnownFileType = sourcecode.swift; path = MyTripViewControllerExtension.swift; sourceTree = "<group>"; };
		A0FD739E28DA82250044E47C /* InfoTripCollectionViewCell.swift */ = {isa = PBXFileReference; lastKnownFileType = sourcecode.swift; path = InfoTripCollectionViewCell.swift; sourceTree = "<group>"; };
		A0FD73A428DBA76E0044E47C /* CalendarCollectionViewCell.swift */ = {isa = PBXFileReference; lastKnownFileType = sourcecode.swift; path = CalendarCollectionViewCell.swift; sourceTree = "<group>"; };
		A2717F6A055C734D418E1360 /* Pods-macroChallengeApp-macroChallengeAppUITests.release.xcconfig */ = {isa = PBXFileReference; includeInIndex = 1; lastKnownFileType = text.xcconfig; name = "Pods-macroChallengeApp-macroChallengeAppUITests.release.xcconfig"; path = "Target Support Files/Pods-macroChallengeApp-macroChallengeAppUITests/Pods-macroChallengeApp-macroChallengeAppUITests.release.xcconfig"; sourceTree = "<group>"; };
		B04BA9A528DA498800EBA44A /* TimePickerTableViewCell.swift */ = {isa = PBXFileReference; lastKnownFileType = sourcecode.swift; path = TimePickerTableViewCell.swift; sourceTree = "<group>"; };
		B04BA9A728DA5B4F00EBA44A /* ValueTableViewCell.swift */ = {isa = PBXFileReference; lastKnownFileType = sourcecode.swift; path = ValueTableViewCell.swift; sourceTree = "<group>"; };
		B05A9C5228DB860F004859F8 /* CurrencyTableViewCell.swift */ = {isa = PBXFileReference; lastKnownFileType = sourcecode.swift; path = CurrencyTableViewCell.swift; sourceTree = "<group>"; };
		B05A9C5428DBA53D004859F8 /* LocationNewActivityViewController.swift */ = {isa = PBXFileReference; lastKnownFileType = sourcecode.swift; path = LocationNewActivityViewController.swift; sourceTree = "<group>"; };
		B05A9C5628DBA795004859F8 /* AddressTableViewCell.swift */ = {isa = PBXFileReference; lastKnownFileType = sourcecode.swift; path = AddressTableViewCell.swift; sourceTree = "<group>"; };
		B078F21228C27F2000D46F61 /* macroChallengeApp.app */ = {isa = PBXFileReference; explicitFileType = wrapper.application; includeInIndex = 0; path = macroChallengeApp.app; sourceTree = BUILT_PRODUCTS_DIR; };
		B078F21528C27F2000D46F61 /* AppDelegate.swift */ = {isa = PBXFileReference; lastKnownFileType = sourcecode.swift; path = AppDelegate.swift; sourceTree = "<group>"; };
		B078F21728C27F2000D46F61 /* SceneDelegate.swift */ = {isa = PBXFileReference; lastKnownFileType = sourcecode.swift; path = SceneDelegate.swift; sourceTree = "<group>"; };
		B078F21F28C27F2000D46F61 /* macroChallengeApp.xcdatamodel */ = {isa = PBXFileReference; lastKnownFileType = wrapper.xcdatamodel; path = macroChallengeApp.xcdatamodel; sourceTree = "<group>"; };
		B078F22128C27F2400D46F61 /* Assets.xcassets */ = {isa = PBXFileReference; lastKnownFileType = folder.assetcatalog; path = Assets.xcassets; sourceTree = "<group>"; };
		B078F22428C27F2400D46F61 /* Base */ = {isa = PBXFileReference; lastKnownFileType = file.storyboard; name = Base; path = Base.lproj/LaunchScreen.storyboard; sourceTree = "<group>"; };
		B078F22628C27F2400D46F61 /* Info.plist */ = {isa = PBXFileReference; lastKnownFileType = text.plist.xml; path = Info.plist; sourceTree = "<group>"; };
		B078F22B28C27F2500D46F61 /* macroChallengeAppTests.xctest */ = {isa = PBXFileReference; explicitFileType = wrapper.cfbundle; includeInIndex = 0; path = macroChallengeAppTests.xctest; sourceTree = BUILT_PRODUCTS_DIR; };
		B078F22F28C27F2500D46F61 /* macroChallengeAppTests.swift */ = {isa = PBXFileReference; lastKnownFileType = sourcecode.swift; path = macroChallengeAppTests.swift; sourceTree = "<group>"; };
		B078F23528C27F2500D46F61 /* macroChallengeAppUITests.xctest */ = {isa = PBXFileReference; explicitFileType = wrapper.cfbundle; includeInIndex = 0; path = macroChallengeAppUITests.xctest; sourceTree = BUILT_PRODUCTS_DIR; };
		B078F23928C27F2500D46F61 /* macroChallengeAppUITests.swift */ = {isa = PBXFileReference; lastKnownFileType = sourcecode.swift; path = macroChallengeAppUITests.swift; sourceTree = "<group>"; };
		B078F23B28C27F2500D46F61 /* macroChallengeAppUITestsLaunchTests.swift */ = {isa = PBXFileReference; lastKnownFileType = sourcecode.swift; path = macroChallengeAppUITestsLaunchTests.swift; sourceTree = "<group>"; };
		B0AC251528E21DEB00F38525 /* CurrentEmptyState.swift */ = {isa = PBXFileReference; lastKnownFileType = sourcecode.swift; path = CurrentEmptyState.swift; sourceTree = "<group>"; };
		B0B17FE428E4DABF0010B00C /* CurrentCountDown.swift */ = {isa = PBXFileReference; fileEncoding = 4; lastKnownFileType = sourcecode.swift; path = CurrentCountDown.swift; sourceTree = "<group>"; };
		B0CDF34F28CFC7E90092A76C /* Category.swift */ = {isa = PBXFileReference; lastKnownFileType = sourcecode.swift; path = Category.swift; sourceTree = "<group>"; };
		B0E2461428CFA3EE00D62AF1 /* CategoryViewCell.swift */ = {isa = PBXFileReference; lastKnownFileType = sourcecode.swift; path = CategoryViewCell.swift; sourceTree = "<group>"; };
		B0E2461628CFA85E00D62AF1 /* CategoryView.swift */ = {isa = PBXFileReference; lastKnownFileType = sourcecode.swift; path = CategoryView.swift; sourceTree = "<group>"; };
		B897B6EEE760DBB56A9888E4 /* Pods-macroChallengeApp.release.xcconfig */ = {isa = PBXFileReference; includeInIndex = 1; lastKnownFileType = text.xcconfig; name = "Pods-macroChallengeApp.release.xcconfig"; path = "Target Support Files/Pods-macroChallengeApp/Pods-macroChallengeApp.release.xcconfig"; sourceTree = "<group>"; };
		D148866C3AA7A72395A6BDAC /* Pods_macroChallengeApp_macroChallengeAppUITests.framework */ = {isa = PBXFileReference; explicitFileType = wrapper.framework; includeInIndex = 0; path = Pods_macroChallengeApp_macroChallengeAppUITests.framework; sourceTree = BUILT_PRODUCTS_DIR; };
		DB4996FD9467D4E74060F7D0 /* Pods-macroChallengeApp-macroChallengeAppUITests.debug.xcconfig */ = {isa = PBXFileReference; includeInIndex = 1; lastKnownFileType = text.xcconfig; name = "Pods-macroChallengeApp-macroChallengeAppUITests.debug.xcconfig"; path = "Target Support Files/Pods-macroChallengeApp-macroChallengeAppUITests/Pods-macroChallengeApp-macroChallengeAppUITests.debug.xcconfig"; sourceTree = "<group>"; };
		DF2643AA28DB9CC500053180 /* UserRoadmap.swift */ = {isa = PBXFileReference; lastKnownFileType = sourcecode.swift; path = UserRoadmap.swift; sourceTree = "<group>"; };
		DF2643AC28DB9EAD00053180 /* RoadmapDTO.swift */ = {isa = PBXFileReference; lastKnownFileType = sourcecode.swift; path = RoadmapDTO.swift; sourceTree = "<group>"; };
		DF57253C28D110E1005466D9 /* DaysView.swift */ = {isa = PBXFileReference; lastKnownFileType = sourcecode.swift; path = DaysView.swift; sourceTree = "<group>"; };
		DF57254028D11559005466D9 /* DatePickerTableViewCell.swift */ = {isa = PBXFileReference; lastKnownFileType = sourcecode.swift; path = DatePickerTableViewCell.swift; sourceTree = "<group>"; };
		DF57254228D241D2005466D9 /* NumberPickerTableViewCell.swift */ = {isa = PBXFileReference; lastKnownFileType = sourcecode.swift; path = NumberPickerTableViewCell.swift; sourceTree = "<group>"; };
		DF5F774028CA7E1600BA5F5F /* DesignSystem+UIFont.swift */ = {isa = PBXFileReference; lastKnownFileType = sourcecode.swift; path = "DesignSystem+UIFont.swift"; sourceTree = "<group>"; };
		DF5F774228CA820200BA5F5F /* DefaultDesignTextFonts.swift */ = {isa = PBXFileReference; lastKnownFileType = sourcecode.swift; path = DefaultDesignTextFonts.swift; sourceTree = "<group>"; };
		DF5F774428CA846C00BA5F5F /* UILabel+Font.swift */ = {isa = PBXFileReference; lastKnownFileType = sourcecode.swift; path = "UILabel+Font.swift"; sourceTree = "<group>"; };
		DF5F774628CA853000BA5F5F /* CustomLabelDesignable.swift */ = {isa = PBXFileReference; lastKnownFileType = sourcecode.swift; path = CustomLabelDesignable.swift; sourceTree = "<group>"; };
		DFA30CAE28DA2E5A00F316EB /* TabBarController.swift */ = {isa = PBXFileReference; fileEncoding = 4; lastKnownFileType = sourcecode.swift; path = TabBarController.swift; sourceTree = "<group>"; };
		DFA30CB028DA2F0900F316EB /* macroChallengeApp.entitlements */ = {isa = PBXFileReference; lastKnownFileType = text.plist.entitlements; path = macroChallengeApp.entitlements; sourceTree = "<group>"; };
		F7DE71B5E41E8936B5C2E6AF /* Pods_macroChallengeApp.framework */ = {isa = PBXFileReference; explicitFileType = wrapper.framework; includeInIndex = 0; path = Pods_macroChallengeApp.framework; sourceTree = BUILT_PRODUCTS_DIR; };
/* End PBXFileReference section */

/* Begin PBXFrameworksBuildPhase section */
		B078F20F28C27F2000D46F61 /* Frameworks */ = {
			isa = PBXFrameworksBuildPhase;
			buildActionMask = 2147483647;
			files = (
				90297BBF83D0A825FF081EB4 /* Pods_macroChallengeApp.framework in Frameworks */,
			);
			runOnlyForDeploymentPostprocessing = 0;
		};
		B078F22828C27F2500D46F61 /* Frameworks */ = {
			isa = PBXFrameworksBuildPhase;
			buildActionMask = 2147483647;
			files = (
				8937FC4EB5BEAACC958B84A1 /* Pods_macroChallengeAppTests.framework in Frameworks */,
			);
			runOnlyForDeploymentPostprocessing = 0;
		};
		B078F23228C27F2500D46F61 /* Frameworks */ = {
			isa = PBXFrameworksBuildPhase;
			buildActionMask = 2147483647;
			files = (
				640CD5CCE40B36AB975231D2 /* Pods_macroChallengeApp_macroChallengeAppUITests.framework in Frameworks */,
			);
			runOnlyForDeploymentPostprocessing = 0;
		};
/* End PBXFrameworksBuildPhase section */

/* Begin PBXGroup section */
		1359F14928DA4873009509DF /* CoreData */ = {
			isa = PBXGroup;
			children = (
				1359F15928DA4904009509DF /* Class */,
				1359F15028DA48B9009509DF /* Propierties */,
			);
			path = CoreData;
			sourceTree = "<group>";
		};
		1359F15028DA48B9009509DF /* Propierties */ = {
			isa = PBXGroup;
			children = (
				1359F14E28DA48AF009509DF /* UserRepository.swift */,
				1359F14C28DA48A8009509DF /* RoadmapRepository.swift */,
				1359F14A28DA489A009509DF /* DayRepository.swift */,
				1359F14728DA4869009509DF /* ActivityRepository.swift */,
			);
			path = Propierties;
			sourceTree = "<group>";
		};
		1359F15928DA4904009509DF /* Class */ = {
			isa = PBXGroup;
			children = (
				1359F15728DA48FD009509DF /* UserRepositoryClass.swift */,
				1359F15328DA48E5009509DF /* RoadmapRepositoryClass.swift */,
				1359F15528DA48F3009509DF /* DayRepositoryClass.swift */,
				1359F15128DA48D5009509DF /* ActivityRepositoryClass.swift */,
			);
			path = Class;
			sourceTree = "<group>";
		};
		1379744E28D8E61100AEA662 /* View */ = {
			isa = PBXGroup;
			children = (
				1379745228D8E6B700AEA662 /* SettingsView.swift */,
				A0B9F4CE28DA342300F2DF06 /* LikedRoadmapsView.swift */,
				A0B9F4CA28DA2E3B00F2DF06 /* EditProfileView.swift */,
				A0B9F4BE28D8FB5900F2DF06 /* NotificationsView.swift */,
				1379744F28D8E61B00AEA662 /* ProfileView.swift */,
				A0B9F4C628DA2A4C00F2DF06 /* TermsView.swift */,
			);
			path = View;
			sourceTree = "<group>";
		};
		1379745728D8E74100AEA662 /* Extensions */ = {
			isa = PBXGroup;
			children = (
				1379744728D8E57B00AEA662 /* ProfileViewController+Settings.swift */,
				A0B9F4C028D8FD5100F2DF06 /* SettingsViewController+Notifications.swift */,
				1379744628D8E57B00AEA662 /* ProfileViewControllerExtension.swift */,
			);
			path = Extensions;
			sourceTree = "<group>";
		};
		13BD500228DA28B600C0EA7C /* NewActivity */ = {
			isa = PBXGroup;
			children = (
				13BD501228DA2A2600C0EA7C /* ViewCell */,
				13BD500428DA28CB00C0EA7C /* View */,
				13BD500328DA28BC00C0EA7C /* ViewController */,
			);
			path = NewActivity;
			sourceTree = "<group>";
		};
		13BD500328DA28BC00C0EA7C /* ViewController */ = {
			isa = PBXGroup;
			children = (
				13BD500528DA28D600C0EA7C /* NewActivityViewController.swift */,
				B05A9C5428DBA53D004859F8 /* LocationNewActivityViewController.swift */,
			);
			path = ViewController;
			sourceTree = "<group>";
		};
		13BD500428DA28CB00C0EA7C /* View */ = {
			isa = PBXGroup;
			children = (
				13BD500728DA28E500C0EA7C /* NewActivityView.swift */,
			);
			path = View;
			sourceTree = "<group>";
		};
		13BD500928DA292300C0EA7C /* Login */ = {
			isa = PBXGroup;
			children = (
				13BD500B28DA297500C0EA7C /* KeychainManager.swift */,
				13BD500D28DA297500C0EA7C /* LoginView.swift */,
				13BD500C28DA297500C0EA7C /* LoginViewController.swift */,
				13BD500A28DA297500C0EA7C /* SignInWithAppleManager.swift */,
			);
			path = Login;
			sourceTree = "<group>";
		};
		13BD501228DA2A2600C0EA7C /* ViewCell */ = {
			isa = PBXGroup;
			children = (
				13BD501328DA2A8300C0EA7C /* CategoryActivityCollectionViewCell.swift */,
				13BD501428DA2A8300C0EA7C /* TextFieldTableViewCell.swift */,
				B04BA9A528DA498800EBA44A /* TimePickerTableViewCell.swift */,
				B04BA9A728DA5B4F00EBA44A /* ValueTableViewCell.swift */,
				B05A9C5228DB860F004859F8 /* CurrencyTableViewCell.swift */,
				B05A9C5628DBA795004859F8 /* AddressTableViewCell.swift */,
			);
			path = ViewCell;
			sourceTree = "<group>";
		};
		13C8A10728C6824F00994196 /* Flows */ = {
			isa = PBXGroup;
			children = (
				13BD500928DA292300C0EA7C /* Login */,
				13BD500228DA28B600C0EA7C /* NewActivity */,
				13F994F328D3956100B077C0 /* Explore */,
				13F994F228D3954B00B077C0 /* TabBar */,
				13F994F128D3954300B077C0 /* Profile */,
				13F994F028D3953B00B077C0 /* Current */,
				13F994E528D3939F00B077C0 /* NewRoadmap */,
			);
			path = Flows;
			sourceTree = "<group>";
		};
		13C8A10928C6826B00994196 /* Models */ = {
			isa = PBXGroup;
			children = (
				13C8A10C28C6828900994196 /* User.swift */,
				13C8A10A28C6827800994196 /* Roadmaps.swift */,
				13C8A11228C6835300994196 /* Activity.swift */,
				13C8A10E28C6829100994196 /* Day.swift */,
				13C8A11028C6833D00994196 /* Like.swift */,
				13C8A11528C68B7700994196 /* DataManager.swift */,
				13C8A11728C691F100994196 /* DataType.swift */,
				B0CDF34F28CFC7E90092A76C /* Category.swift */,
				B078F22328C27F2400D46F61 /* LaunchScreen.storyboard */,
				DF2643AA28DB9CC500053180 /* UserRoadmap.swift */,
				DF2643AC28DB9EAD00053180 /* RoadmapDTO.swift */,
			);
			path = Models;
			sourceTree = "<group>";
		};
		13C8A11428C68B0F00994196 /* Delegates */ = {
			isa = PBXGroup;
			children = (
				B078F21528C27F2000D46F61 /* AppDelegate.swift */,
				B078F21728C27F2000D46F61 /* SceneDelegate.swift */,
			);
			path = Delegates;
			sourceTree = "<group>";
		};
		13C8A11B28CA66A800994196 /* Coordinator */ = {
			isa = PBXGroup;
			children = (
				13C8A11C28CA681C00994196 /* Coordinator.swift */,
				13C8A12828CA69F300994196 /* ExploreCoordinator.swift */,
				13C8A12A28CA6A0A00994196 /* CurrentCoordinator.swift */,
				13C8A12C28CA6A2500994196 /* ProfileCoordinator.swift */,
				13F994E328D273EB00B077C0 /* NewRoadmapCoordinator.swift */,
			);
			path = Coordinator;
			sourceTree = "<group>";
		};
		13C8A11E28CA68C900994196 /* DesignSystem */ = {
			isa = PBXGroup;
			children = (
				13C8A13928CA75EF00994196 /* Extensions */,
				13C8A12E28CA6AE100994196 /* Implementations */,
				13C8A11F28CA68F500994196 /* Protocols */,
			);
			path = DesignSystem;
			sourceTree = "<group>";
		};
		13C8A11F28CA68F500994196 /* Protocols */ = {
			isa = PBXGroup;
			children = (
				13C8A12028CA690500994196 /* DesignSystem.swift */,
				13C8A12228CA692500994196 /* DesignPalette.swift */,
				13C8A12428CA693700994196 /* DesignSpacing.swift */,
				13C8A12628CA693F00994196 /* DesignText.swift */,
				13C8A13528CA6C1100994196 /* TextStyle.swift */,
				DF5F774628CA853000BA5F5F /* CustomLabelDesignable.swift */,
				13BD4FFC28D90F5200C0EA7C /* DesignImages.swift */,
				13EC5C5128DB8FF0005F7128 /* DesignDefaultImages.swift */,
				135AC6A228DE1B01003E1CF3 /* DesignImagesActivities.swift */,
			);
			path = Protocols;
			sourceTree = "<group>";
		};
		13C8A12E28CA6AE100994196 /* Implementations */ = {
			isa = PBXGroup;
			children = (
				13C8A12F28CA6AF400994196 /* DefaultDesignSystem.swift */,
				13C8A13128CA6B0400994196 /* DefaultDesignPalette.swift */,
				13C8A13328CA6B4200994196 /* DefaultDesignSpacing.swift */,
				DF5F774228CA820200BA5F5F /* DefaultDesignTextFonts.swift */,
				13BD4FFE28D90F9700C0EA7C /* DefaultDesignSystemImages.swift */,
				13EC5C5328DB902F005F7128 /* DefaultDesignDefaultImages.swift */,
				135AC6A428DE1BCF003E1CF3 /* DefaultDesignActivitiesImages.swift */,
			);
			path = Implementations;
			sourceTree = "<group>";
		};
		13C8A13928CA75EF00994196 /* Extensions */ = {
			isa = PBXGroup;
			children = (
				13C8A13728CA75EA00994196 /* DesignSystem+UIColor.swift */,
				DF5F774028CA7E1600BA5F5F /* DesignSystem+UIFont.swift */,
				13BD4FFA28D90EF700C0EA7C /* DesignSystem+UIImage.swift */,
				DF5F774428CA846C00BA5F5F /* UILabel+Font.swift */,
			);
			path = Extensions;
			sourceTree = "<group>";
		};
		13C8A15028CFC27C00994196 /* Protocols */ = {
			isa = PBXGroup;
			children = (
				13C8A15128CFC29500994196 /* HandleMapSearch.swift */,
			);
			path = Protocols;
			sourceTree = "<group>";
		};
		13F994E528D3939F00B077C0 /* NewRoadmap */ = {
			isa = PBXGroup;
			children = (
				B0E2461328CFA39A00D62AF1 /* UIViewCell */,
				13F994EF28D3943D00B077C0 /* View */,
				13F994EE28D3941F00B077C0 /* Controllers */,
			);
			path = NewRoadmap;
			sourceTree = "<group>";
		};
		13F994EE28D3941F00B077C0 /* Controllers */ = {
			isa = PBXGroup;
			children = (
				1379744428D8E57B00AEA662 /* ReviewTravelViewController.swift */,
				13F994E828D393D900B077C0 /* DestinyViewController.swift */,
				13F994E628D393CE00B077C0 /* CategoryViewController.swift */,
				13F994EA28D393E500B077C0 /* DaysViewController.swift */,
			);
			path = Controllers;
			sourceTree = "<group>";
		};
		13F994EF28D3943D00B077C0 /* View */ = {
			isa = PBXGroup;
			children = (
				B0E2461628CFA85E00D62AF1 /* CategoryView.swift */,
				13C8A14828CFA66200994196 /* DestinyView.swift */,
				DF57253C28D110E1005466D9 /* DaysView.swift */,
				1379743A28D5162C00AEA662 /* ReviewTravelView.swift */,
			);
			path = View;
			sourceTree = "<group>";
		};
		13F994F028D3953B00B077C0 /* Current */ = {
			isa = PBXGroup;
			children = (
				A04959C128DCEC51009156C8 /* Extensions */,
				A04959C228DCEC5F009156C8 /* UIViewCell */,
				A04959C328DCEC6B009156C8 /* View */,
				13F994F728D3959600B077C0 /* ViewController */,
			);
			path = Current;
			sourceTree = "<group>";
		};
		13F994F128D3954300B077C0 /* Profile */ = {
			isa = PBXGroup;
			children = (
				A04959C028DCEC36009156C8 /* UIViewCell */,
				1379744E28D8E61100AEA662 /* View */,
				13F994F628D3958E00B077C0 /* ViewController */,
				1379745728D8E74100AEA662 /* Extensions */,
			);
			path = Profile;
			sourceTree = "<group>";
		};
		13F994F228D3954B00B077C0 /* TabBar */ = {
			isa = PBXGroup;
			children = (
				13F994F528D3957F00B077C0 /* ViewController */,
			);
			path = TabBar;
			sourceTree = "<group>";
		};
		13F994F328D3956100B077C0 /* Explore */ = {
			isa = PBXGroup;
			children = (
				13F994F428D3957500B077C0 /* ViewController */,
			);
			path = Explore;
			sourceTree = "<group>";
		};
		13F994F428D3957500B077C0 /* ViewController */ = {
			isa = PBXGroup;
			children = (
				1379744C28D8E5CA00AEA662 /* ExploreViewController.swift */,
			);
			path = ViewController;
			sourceTree = "<group>";
		};
		13F994F528D3957F00B077C0 /* ViewController */ = {
			isa = PBXGroup;
			children = (
				DFA30CAE28DA2E5A00F316EB /* TabBarController.swift */,
			);
			path = ViewController;
			sourceTree = "<group>";
		};
		13F994F628D3958E00B077C0 /* ViewController */ = {
			isa = PBXGroup;
			children = (
				1379745128D8E6B700AEA662 /* SettingsViewController.swift */,
				A0B9F4D028DA342B00F2DF06 /* LikedRoadmapsViewController.swift */,
				1379744228D8E56700AEA662 /* ProfileViewController.swift */,
				A0B9F4BC28D8FB5000F2DF06 /* NotificationsViewController.swift */,
				A0B9F4CC28DA2E6100F2DF06 /* EditProfileViewController.swift */,
				A0B9F4C828DA2A5400F2DF06 /* TermsViewController.swift */,
			);
			path = ViewController;
			sourceTree = "<group>";
		};
		13F994F728D3959600B077C0 /* ViewController */ = {
			isa = PBXGroup;
			children = (
				1379744028D8E55000AEA662 /* CurrentViewController.swift */,
				A0FD739A28DA7EF70044E47C /* MyTripViewController.swift */,
			);
			path = ViewController;
			sourceTree = "<group>";
		};
		13F994F828D3B1F800B077C0 /* Components */ = {
			isa = PBXGroup;
			children = (
				1379743C28D5165200AEA662 /* LocationSearchTableViewController.swift */,
				13F994F928D3B21800B077C0 /* RoadmapToolbar.swift */,
			);
			path = Components;
			sourceTree = "<group>";
		};
		4171B73C15A2C812F704D532 /* Pods */ = {
			isa = PBXGroup;
			children = (
				9F3A7956A6476CF7C11EC092 /* Pods-macroChallengeApp.debug.xcconfig */,
				B897B6EEE760DBB56A9888E4 /* Pods-macroChallengeApp.release.xcconfig */,
				DB4996FD9467D4E74060F7D0 /* Pods-macroChallengeApp-macroChallengeAppUITests.debug.xcconfig */,
				A2717F6A055C734D418E1360 /* Pods-macroChallengeApp-macroChallengeAppUITests.release.xcconfig */,
				277A5A175FEAF690AE55045F /* Pods-macroChallengeAppTests.debug.xcconfig */,
				4842CC9B9D145281B17CEC0E /* Pods-macroChallengeAppTests.release.xcconfig */,
			);
			path = Pods;
			sourceTree = "<group>";
		};
		8873B324A12FFF3116531BEB /* Frameworks */ = {
			isa = PBXGroup;
			children = (
				F7DE71B5E41E8936B5C2E6AF /* Pods_macroChallengeApp.framework */,
				D148866C3AA7A72395A6BDAC /* Pods_macroChallengeApp_macroChallengeAppUITests.framework */,
				690BA5B7FB893AA45078E000 /* Pods_macroChallengeAppTests.framework */,
			);
			name = Frameworks;
			sourceTree = "<group>";
		};
		A04959C028DCEC36009156C8 /* UIViewCell */ = {
			isa = PBXGroup;
			children = (
				A04B45D528D5051E0045558E /* ProfileCollectionViewCell.swift */,
				A04B45DD28D62A4B0045558E /* SettingsTableViewCell.swift */,
				A0B9F4C228D8FFB600F2DF06 /* NotificationPickerTableViewCell.swift */,
				A0B9F4C428D90A7C00F2DF06 /* SwitchTableViewCell.swift */,
			);
			path = UIViewCell;
			sourceTree = "<group>";
		};
		A04959C128DCEC51009156C8 /* Extensions */ = {
			isa = PBXGroup;
			children = (
				A0FD739C28DA7F780044E47C /* MyTripViewControllerExtension.swift */,
			);
			path = Extensions;
			sourceTree = "<group>";
		};
		A04959C228DCEC5F009156C8 /* UIViewCell */ = {
			isa = PBXGroup;
			children = (
				A0FD739E28DA82250044E47C /* InfoTripCollectionViewCell.swift */,
				A0FD73A428DBA76E0044E47C /* CalendarCollectionViewCell.swift */,
				A04959C528DCEC92009156C8 /* ActivityTableViewCell.swift */,
			);
			path = UIViewCell;
			sourceTree = "<group>";
		};
		A04959C328DCEC6B009156C8 /* View */ = {
			isa = PBXGroup;
			children = (
				A0FD739828DA7EF00044E47C /* MyTripView.swift */,
				B0AC251528E21DEB00F38525 /* CurrentEmptyState.swift */,
				B0B17FE428E4DABF0010B00C /* CurrentCountDown.swift */,
			);
			path = View;
			sourceTree = "<group>";
		};
		A0A8BAB728E4E835006A8BDD /* Localization */ = {
			isa = PBXGroup;
			children = (
				A0A8BAB528E4E824006A8BDD /* String+Localization.swift */,
				A0A8BABC28E4E8C0006A8BDD /* Localizable.strings */,
			);
			path = Localization;
			sourceTree = "<group>";
		};
		B078F20928C27F2000D46F61 = {
			isa = PBXGroup;
			children = (
				13C8A10528C6698100994196 /* .swiftlint.yml */,
				B078F21428C27F2000D46F61 /* macroChallengeApp */,
				B078F22E28C27F2500D46F61 /* macroChallengeAppTests */,
				B078F23828C27F2500D46F61 /* macroChallengeAppUITests */,
				B078F21328C27F2000D46F61 /* Products */,
				4171B73C15A2C812F704D532 /* Pods */,
				8873B324A12FFF3116531BEB /* Frameworks */,
			);
			sourceTree = "<group>";
		};
		B078F21328C27F2000D46F61 /* Products */ = {
			isa = PBXGroup;
			children = (
				B078F21228C27F2000D46F61 /* macroChallengeApp.app */,
				B078F22B28C27F2500D46F61 /* macroChallengeAppTests.xctest */,
				B078F23528C27F2500D46F61 /* macroChallengeAppUITests.xctest */,
			);
			name = Products;
			sourceTree = "<group>";
		};
		B078F21428C27F2000D46F61 /* macroChallengeApp */ = {
			isa = PBXGroup;
			children = (
				A0A8BAB728E4E835006A8BDD /* Localization */,
				1359F14928DA4873009509DF /* CoreData */,
				DFA30CB028DA2F0900F316EB /* macroChallengeApp.entitlements */,
				13C8A11B28CA66A800994196 /* Coordinator */,
				13C8A11428C68B0F00994196 /* Delegates */,
				13C8A15028CFC27C00994196 /* Protocols */,
				13C8A11E28CA68C900994196 /* DesignSystem */,
				13F994F828D3B1F800B077C0 /* Components */,
				13C8A10928C6826B00994196 /* Models */,
				13C8A10728C6824F00994196 /* Flows */,
				B078F22128C27F2400D46F61 /* Assets.xcassets */,
				B078F22628C27F2400D46F61 /* Info.plist */,
				B078F21E28C27F2000D46F61 /* macroChallengeApp.xcdatamodeld */,
			);
			path = macroChallengeApp;
			sourceTree = "<group>";
		};
		B078F22E28C27F2500D46F61 /* macroChallengeAppTests */ = {
			isa = PBXGroup;
			children = (
				B078F22F28C27F2500D46F61 /* macroChallengeAppTests.swift */,
			);
			path = macroChallengeAppTests;
			sourceTree = "<group>";
		};
		B078F23828C27F2500D46F61 /* macroChallengeAppUITests */ = {
			isa = PBXGroup;
			children = (
				B078F23928C27F2500D46F61 /* macroChallengeAppUITests.swift */,
				B078F23B28C27F2500D46F61 /* macroChallengeAppUITestsLaunchTests.swift */,
			);
			path = macroChallengeAppUITests;
			sourceTree = "<group>";
		};
		B0E2461328CFA39A00D62AF1 /* UIViewCell */ = {
			isa = PBXGroup;
			children = (
				DF57254028D11559005466D9 /* DatePickerTableViewCell.swift */,
				DF57254228D241D2005466D9 /* NumberPickerTableViewCell.swift */,
				B0E2461428CFA3EE00D62AF1 /* CategoryViewCell.swift */,
				1467706628D2699D00D55098 /* LabelTableViewCell.swift */,
			);
			path = UIViewCell;
			sourceTree = "<group>";
		};
/* End PBXGroup section */

/* Begin PBXNativeTarget section */
		B078F21128C27F2000D46F61 /* macroChallengeApp */ = {
			isa = PBXNativeTarget;
			buildConfigurationList = B078F23F28C27F2500D46F61 /* Build configuration list for PBXNativeTarget "macroChallengeApp" */;
			buildPhases = (
				111A1025FD7CFA26C8A278DB /* [CP] Check Pods Manifest.lock */,
				13C8A10428C668D400994196 /* Run SwiftLint */,
				B078F20E28C27F2000D46F61 /* Sources */,
				B078F20F28C27F2000D46F61 /* Frameworks */,
				B078F21028C27F2000D46F61 /* Resources */,
				040E69FC101F990AD4F63C88 /* [CP] Embed Pods Frameworks */,
			);
			buildRules = (
			);
			dependencies = (
			);
			name = macroChallengeApp;
			productName = macroChallengeApp;
			productReference = B078F21228C27F2000D46F61 /* macroChallengeApp.app */;
			productType = "com.apple.product-type.application";
		};
		B078F22A28C27F2500D46F61 /* macroChallengeAppTests */ = {
			isa = PBXNativeTarget;
			buildConfigurationList = B078F24228C27F2500D46F61 /* Build configuration list for PBXNativeTarget "macroChallengeAppTests" */;
			buildPhases = (
				5A81D0040C70E1005C22EC5E /* [CP] Check Pods Manifest.lock */,
				B078F22728C27F2500D46F61 /* Sources */,
				B078F22828C27F2500D46F61 /* Frameworks */,
				B078F22928C27F2500D46F61 /* Resources */,
			);
			buildRules = (
			);
			dependencies = (
				B078F22D28C27F2500D46F61 /* PBXTargetDependency */,
			);
			name = macroChallengeAppTests;
			productName = macroChallengeAppTests;
			productReference = B078F22B28C27F2500D46F61 /* macroChallengeAppTests.xctest */;
			productType = "com.apple.product-type.bundle.unit-test";
		};
		B078F23428C27F2500D46F61 /* macroChallengeAppUITests */ = {
			isa = PBXNativeTarget;
			buildConfigurationList = B078F24528C27F2500D46F61 /* Build configuration list for PBXNativeTarget "macroChallengeAppUITests" */;
			buildPhases = (
				073D6E95C0958B90E5BE3763 /* [CP] Check Pods Manifest.lock */,
				B078F23128C27F2500D46F61 /* Sources */,
				B078F23228C27F2500D46F61 /* Frameworks */,
				B078F23328C27F2500D46F61 /* Resources */,
				511201115D5AB43C3989C6E6 /* [CP] Embed Pods Frameworks */,
			);
			buildRules = (
			);
			dependencies = (
				B078F23728C27F2500D46F61 /* PBXTargetDependency */,
			);
			name = macroChallengeAppUITests;
			productName = macroChallengeAppUITests;
			productReference = B078F23528C27F2500D46F61 /* macroChallengeAppUITests.xctest */;
			productType = "com.apple.product-type.bundle.ui-testing";
		};
/* End PBXNativeTarget section */

/* Begin PBXProject section */
		B078F20A28C27F2000D46F61 /* Project object */ = {
			isa = PBXProject;
			attributes = {
				BuildIndependentTargetsInParallel = 1;
				LastSwiftUpdateCheck = 1340;
				LastUpgradeCheck = 1340;
				TargetAttributes = {
					B078F21128C27F2000D46F61 = {
						CreatedOnToolsVersion = 13.4.1;
					};
					B078F22A28C27F2500D46F61 = {
						CreatedOnToolsVersion = 13.4.1;
						TestTargetID = B078F21128C27F2000D46F61;
					};
					B078F23428C27F2500D46F61 = {
						CreatedOnToolsVersion = 13.4.1;
						TestTargetID = B078F21128C27F2000D46F61;
					};
				};
			};
			buildConfigurationList = B078F20D28C27F2000D46F61 /* Build configuration list for PBXProject "macroChallengeApp" */;
			compatibilityVersion = "Xcode 13.0";
			developmentRegion = en;
			hasScannedForEncodings = 0;
			knownRegions = (
				en,
				Base,
				"pt-BR",
			);
			mainGroup = B078F20928C27F2000D46F61;
			productRefGroup = B078F21328C27F2000D46F61 /* Products */;
			projectDirPath = "";
			projectRoot = "";
			targets = (
				B078F21128C27F2000D46F61 /* macroChallengeApp */,
				B078F22A28C27F2500D46F61 /* macroChallengeAppTests */,
				B078F23428C27F2500D46F61 /* macroChallengeAppUITests */,
			);
		};
/* End PBXProject section */

/* Begin PBXResourcesBuildPhase section */
		B078F21028C27F2000D46F61 /* Resources */ = {
			isa = PBXResourcesBuildPhase;
			buildActionMask = 2147483647;
			files = (
				13C8A10628C6698100994196 /* .swiftlint.yml in Resources */,
				A0A8BABA28E4E8C0006A8BDD /* Localizable.strings in Resources */,
				B078F22528C27F2400D46F61 /* LaunchScreen.storyboard in Resources */,
				B078F22228C27F2400D46F61 /* Assets.xcassets in Resources */,
			);
			runOnlyForDeploymentPostprocessing = 0;
		};
		B078F22928C27F2500D46F61 /* Resources */ = {
			isa = PBXResourcesBuildPhase;
			buildActionMask = 2147483647;
			files = (
			);
			runOnlyForDeploymentPostprocessing = 0;
		};
		B078F23328C27F2500D46F61 /* Resources */ = {
			isa = PBXResourcesBuildPhase;
			buildActionMask = 2147483647;
			files = (
			);
			runOnlyForDeploymentPostprocessing = 0;
		};
/* End PBXResourcesBuildPhase section */

/* Begin PBXShellScriptBuildPhase section */
		040E69FC101F990AD4F63C88 /* [CP] Embed Pods Frameworks */ = {
			isa = PBXShellScriptBuildPhase;
			buildActionMask = 2147483647;
			files = (
			);
			inputFileListPaths = (
				"${PODS_ROOT}/Target Support Files/Pods-macroChallengeApp/Pods-macroChallengeApp-frameworks-${CONFIGURATION}-input-files.xcfilelist",
			);
			name = "[CP] Embed Pods Frameworks";
			outputFileListPaths = (
				"${PODS_ROOT}/Target Support Files/Pods-macroChallengeApp/Pods-macroChallengeApp-frameworks-${CONFIGURATION}-output-files.xcfilelist",
			);
			runOnlyForDeploymentPostprocessing = 0;
			shellPath = /bin/sh;
			shellScript = "\"${PODS_ROOT}/Target Support Files/Pods-macroChallengeApp/Pods-macroChallengeApp-frameworks.sh\"\n";
			showEnvVarsInLog = 0;
		};
		073D6E95C0958B90E5BE3763 /* [CP] Check Pods Manifest.lock */ = {
			isa = PBXShellScriptBuildPhase;
			buildActionMask = 2147483647;
			files = (
			);
			inputFileListPaths = (
			);
			inputPaths = (
				"${PODS_PODFILE_DIR_PATH}/Podfile.lock",
				"${PODS_ROOT}/Manifest.lock",
			);
			name = "[CP] Check Pods Manifest.lock";
			outputFileListPaths = (
			);
			outputPaths = (
				"$(DERIVED_FILE_DIR)/Pods-macroChallengeApp-macroChallengeAppUITests-checkManifestLockResult.txt",
			);
			runOnlyForDeploymentPostprocessing = 0;
			shellPath = /bin/sh;
			shellScript = "diff \"${PODS_PODFILE_DIR_PATH}/Podfile.lock\" \"${PODS_ROOT}/Manifest.lock\" > /dev/null\nif [ $? != 0 ] ; then\n    # print error to STDERR\n    echo \"error: The sandbox is not in sync with the Podfile.lock. Run 'pod install' or update your CocoaPods installation.\" >&2\n    exit 1\nfi\n# This output is used by Xcode 'outputs' to avoid re-running this script phase.\necho \"SUCCESS\" > \"${SCRIPT_OUTPUT_FILE_0}\"\n";
			showEnvVarsInLog = 0;
		};
		111A1025FD7CFA26C8A278DB /* [CP] Check Pods Manifest.lock */ = {
			isa = PBXShellScriptBuildPhase;
			buildActionMask = 2147483647;
			files = (
			);
			inputFileListPaths = (
			);
			inputPaths = (
				"${PODS_PODFILE_DIR_PATH}/Podfile.lock",
				"${PODS_ROOT}/Manifest.lock",
			);
			name = "[CP] Check Pods Manifest.lock";
			outputFileListPaths = (
			);
			outputPaths = (
				"$(DERIVED_FILE_DIR)/Pods-macroChallengeApp-checkManifestLockResult.txt",
			);
			runOnlyForDeploymentPostprocessing = 0;
			shellPath = /bin/sh;
			shellScript = "diff \"${PODS_PODFILE_DIR_PATH}/Podfile.lock\" \"${PODS_ROOT}/Manifest.lock\" > /dev/null\nif [ $? != 0 ] ; then\n    # print error to STDERR\n    echo \"error: The sandbox is not in sync with the Podfile.lock. Run 'pod install' or update your CocoaPods installation.\" >&2\n    exit 1\nfi\n# This output is used by Xcode 'outputs' to avoid re-running this script phase.\necho \"SUCCESS\" > \"${SCRIPT_OUTPUT_FILE_0}\"\n";
			showEnvVarsInLog = 0;
		};
		13C8A10428C668D400994196 /* Run SwiftLint */ = {
			isa = PBXShellScriptBuildPhase;
			buildActionMask = 2147483647;
			files = (
			);
			inputFileListPaths = (
			);
			inputPaths = (
			);
			name = "Run SwiftLint";
			outputFileListPaths = (
			);
			outputPaths = (
			);
			runOnlyForDeploymentPostprocessing = 0;
			shellPath = /bin/sh;
			shellScript = "if which swiftlint > /dev/null; then\n  swiftlint\nelse\n  echo \"warning: SwiftLint not installed, download from https://github.com/realm/SwiftLint\"\nfi\n";
		};
		511201115D5AB43C3989C6E6 /* [CP] Embed Pods Frameworks */ = {
			isa = PBXShellScriptBuildPhase;
			buildActionMask = 2147483647;
			files = (
			);
			inputFileListPaths = (
				"${PODS_ROOT}/Target Support Files/Pods-macroChallengeApp-macroChallengeAppUITests/Pods-macroChallengeApp-macroChallengeAppUITests-frameworks-${CONFIGURATION}-input-files.xcfilelist",
			);
			name = "[CP] Embed Pods Frameworks";
			outputFileListPaths = (
				"${PODS_ROOT}/Target Support Files/Pods-macroChallengeApp-macroChallengeAppUITests/Pods-macroChallengeApp-macroChallengeAppUITests-frameworks-${CONFIGURATION}-output-files.xcfilelist",
			);
			runOnlyForDeploymentPostprocessing = 0;
			shellPath = /bin/sh;
			shellScript = "\"${PODS_ROOT}/Target Support Files/Pods-macroChallengeApp-macroChallengeAppUITests/Pods-macroChallengeApp-macroChallengeAppUITests-frameworks.sh\"\n";
			showEnvVarsInLog = 0;
		};
		5A81D0040C70E1005C22EC5E /* [CP] Check Pods Manifest.lock */ = {
			isa = PBXShellScriptBuildPhase;
			buildActionMask = 2147483647;
			files = (
			);
			inputFileListPaths = (
			);
			inputPaths = (
				"${PODS_PODFILE_DIR_PATH}/Podfile.lock",
				"${PODS_ROOT}/Manifest.lock",
			);
			name = "[CP] Check Pods Manifest.lock";
			outputFileListPaths = (
			);
			outputPaths = (
				"$(DERIVED_FILE_DIR)/Pods-macroChallengeAppTests-checkManifestLockResult.txt",
			);
			runOnlyForDeploymentPostprocessing = 0;
			shellPath = /bin/sh;
			shellScript = "diff \"${PODS_PODFILE_DIR_PATH}/Podfile.lock\" \"${PODS_ROOT}/Manifest.lock\" > /dev/null\nif [ $? != 0 ] ; then\n    # print error to STDERR\n    echo \"error: The sandbox is not in sync with the Podfile.lock. Run 'pod install' or update your CocoaPods installation.\" >&2\n    exit 1\nfi\n# This output is used by Xcode 'outputs' to avoid re-running this script phase.\necho \"SUCCESS\" > \"${SCRIPT_OUTPUT_FILE_0}\"\n";
			showEnvVarsInLog = 0;
		};
/* End PBXShellScriptBuildPhase section */

/* Begin PBXSourcesBuildPhase section */
		B078F20E28C27F2000D46F61 /* Sources */ = {
			isa = PBXSourcesBuildPhase;
			buildActionMask = 2147483647;
			files = (
				13F994EB28D393E500B077C0 /* DaysViewController.swift in Sources */,
				B0B17FE528E4DABF0010B00C /* CurrentCountDown.swift in Sources */,
				135AC6A528DE1BCF003E1CF3 /* DefaultDesignActivitiesImages.swift in Sources */,
				13C8A15228CFC29500994196 /* HandleMapSearch.swift in Sources */,
				13C8A13628CA6C1100994196 /* TextStyle.swift in Sources */,
				A0B9F4C528D90A7C00F2DF06 /* SwitchTableViewCell.swift in Sources */,
				13C8A10F28C6829100994196 /* Day.swift in Sources */,
				13C8A11628C68B7700994196 /* DataManager.swift in Sources */,
				13BD500628DA28D600C0EA7C /* NewActivityViewController.swift in Sources */,
				13BD501528DA2A8300C0EA7C /* CategoryActivityCollectionViewCell.swift in Sources */,
				13C8A11D28CA681C00994196 /* Coordinator.swift in Sources */,
				13C8A13228CA6B0400994196 /* DefaultDesignPalette.swift in Sources */,
				B0E2461728CFA85E00D62AF1 /* CategoryView.swift in Sources */,
				13EC5C5228DB8FF0005F7128 /* DesignDefaultImages.swift in Sources */,
				B0CDF35028CFC7E90092A76C /* Category.swift in Sources */,
				1379744328D8E56700AEA662 /* ProfileViewController.swift in Sources */,
				13C8A12928CA69F300994196 /* ExploreCoordinator.swift in Sources */,
				B04BA9A828DA5B4F00EBA44A /* ValueTableViewCell.swift in Sources */,
				13C8A14928CFA66200994196 /* DestinyView.swift in Sources */,
				A0B9F4CD28DA2E6100F2DF06 /* EditProfileViewController.swift in Sources */,
				A0B9F4C928DA2A5400F2DF06 /* TermsViewController.swift in Sources */,
				DF2643AB28DB9CC500053180 /* UserRoadmap.swift in Sources */,
				B078F22028C27F2000D46F61 /* macroChallengeApp.xcdatamodeld in Sources */,
				13C8A12128CA690500994196 /* DesignSystem.swift in Sources */,
				A0B9F4BF28D8FB5900F2DF06 /* NotificationsView.swift in Sources */,
				DF57254128D11559005466D9 /* DatePickerTableViewCell.swift in Sources */,
				B05A9C5328DB860F004859F8 /* CurrencyTableViewCell.swift in Sources */,
				13C8A13828CA75EA00994196 /* DesignSystem+UIColor.swift in Sources */,
				13F994E428D273EB00B077C0 /* NewRoadmapCoordinator.swift in Sources */,
				13F994E928D393D900B077C0 /* DestinyViewController.swift in Sources */,
				A0B9F4C128D8FD5100F2DF06 /* SettingsViewController+Notifications.swift in Sources */,
				A04B45DE28D62A4B0045558E /* SettingsTableViewCell.swift in Sources */,
				A0FD739D28DA7F780044E47C /* MyTripViewControllerExtension.swift in Sources */,
				1359F14828DA4869009509DF /* ActivityRepository.swift in Sources */,
				B0E2461528CFA3EE00D62AF1 /* CategoryViewCell.swift in Sources */,
				A0FD73A528DBA76F0044E47C /* CalendarCollectionViewCell.swift in Sources */,
				13C8A13028CA6AF400994196 /* DefaultDesignSystem.swift in Sources */,
				1379745328D8E6B700AEA662 /* SettingsViewController.swift in Sources */,
				13BD500F28DA297500C0EA7C /* KeychainManager.swift in Sources */,
				13C8A12328CA692500994196 /* DesignPalette.swift in Sources */,
				13BD4FFF28D90F9700C0EA7C /* DefaultDesignSystemImages.swift in Sources */,
				1359F15628DA48F3009509DF /* DayRepositoryClass.swift in Sources */,
				13F994E728D393CE00B077C0 /* CategoryViewController.swift in Sources */,
				13C8A11128C6833D00994196 /* Like.swift in Sources */,
				B05A9C5728DBA795004859F8 /* AddressTableViewCell.swift in Sources */,
				A0FD739B28DA7EF70044E47C /* MyTripViewController.swift in Sources */,
				1379745428D8E6B700AEA662 /* SettingsView.swift in Sources */,
				A0B9F4BD28D8FB5000F2DF06 /* NotificationsViewController.swift in Sources */,
				1467706728D2699D00D55098 /* LabelTableViewCell.swift in Sources */,
				13BD501128DA297500C0EA7C /* LoginView.swift in Sources */,
				13C8A12D28CA6A2500994196 /* ProfileCoordinator.swift in Sources */,
				A0B9F4D128DA342B00F2DF06 /* LikedRoadmapsViewController.swift in Sources */,
				A0B9F4CB28DA2E3B00F2DF06 /* EditProfileView.swift in Sources */,
				13C8A10B28C6827800994196 /* Roadmaps.swift in Sources */,
				A0B9F4CF28DA342300F2DF06 /* LikedRoadmapsView.swift in Sources */,
				1359F15228DA48D5009509DF /* ActivityRepositoryClass.swift in Sources */,
				1359F15428DA48E5009509DF /* RoadmapRepositoryClass.swift in Sources */,
				13C8A10B28C6827800994196 /* Roadmaps.swift in Sources */,
				1359F15828DA48FD009509DF /* UserRepositoryClass.swift in Sources */,
				1359F14F28DA48AF009509DF /* UserRepository.swift in Sources */,
				B078F21628C27F2000D46F61 /* AppDelegate.swift in Sources */,
				DF5F774528CA846C00BA5F5F /* UILabel+Font.swift in Sources */,
				1379744B28D8E57B00AEA662 /* ProfileViewController+Settings.swift in Sources */,
				DF5F774728CA853000BA5F5F /* CustomLabelDesignable.swift in Sources */,
				13BD500E28DA297500C0EA7C /* SignInWithAppleManager.swift in Sources */,
				B05A9C5528DBA53D004859F8 /* LocationNewActivityViewController.swift in Sources */,
				1359F14D28DA48A8009509DF /* RoadmapRepository.swift in Sources */,
				13BD4FFD28D90F5200C0EA7C /* DesignImages.swift in Sources */,
				1379743D28D5165200AEA662 /* LocationSearchTableViewController.swift in Sources */,
				1379743B28D5162C00AEA662 /* ReviewTravelView.swift in Sources */,
				B0AC251628E21DEB00F38525 /* CurrentEmptyState.swift in Sources */,
				13C8A11328C6835300994196 /* Activity.swift in Sources */,
				13C8A10D28C6828900994196 /* User.swift in Sources */,
				13C8A13428CA6B4200994196 /* DefaultDesignSpacing.swift in Sources */,
				13BD500828DA28E500C0EA7C /* NewActivityView.swift in Sources */,
				1379744128D8E55000AEA662 /* CurrentViewController.swift in Sources */,
				A0B9F4C328D8FFB600F2DF06 /* NotificationPickerTableViewCell.swift in Sources */,
				1379744D28D8E5CA00AEA662 /* ExploreViewController.swift in Sources */,
				DFA30CAF28DA2E5A00F316EB /* TabBarController.swift in Sources */,
				13BD501628DA2A8300C0EA7C /* TextFieldTableViewCell.swift in Sources */,
				A04B45D628D5051E0045558E /* ProfileCollectionViewCell.swift in Sources */,
				13C8A12728CA693F00994196 /* DesignText.swift in Sources */,
				A04959C628DCEC92009156C8 /* ActivityTableViewCell.swift in Sources */,
				DF2643AD28DB9EAD00053180 /* RoadmapDTO.swift in Sources */,
				DF5F774328CA820200BA5F5F /* DefaultDesignTextFonts.swift in Sources */,
				13C8A12528CA693700994196 /* DesignSpacing.swift in Sources */,
				DF57253D28D110E1005466D9 /* DaysView.swift in Sources */,
				1379744A28D8E57B00AEA662 /* ProfileViewControllerExtension.swift in Sources */,
				1379745028D8E61B00AEA662 /* ProfileView.swift in Sources */,
				B04BA9A628DA498800EBA44A /* TimePickerTableViewCell.swift in Sources */,
				13C8A11828C691F100994196 /* DataType.swift in Sources */,
				DF57254328D241D2005466D9 /* NumberPickerTableViewCell.swift in Sources */,
				1379744828D8E57B00AEA662 /* ReviewTravelViewController.swift in Sources */,
				13F994FA28D3B21900B077C0 /* RoadmapToolbar.swift in Sources */,
				13BD4FFB28D90EF700C0EA7C /* DesignSystem+UIImage.swift in Sources */,
				13C8A12B28CA6A0A00994196 /* CurrentCoordinator.swift in Sources */,
				A0FD739F28DA82250044E47C /* InfoTripCollectionViewCell.swift in Sources */,
				135AC6A328DE1B01003E1CF3 /* DesignImagesActivities.swift in Sources */,
				A0FD739928DA7EF00044E47C /* MyTripView.swift in Sources */,
				B078F21828C27F2000D46F61 /* SceneDelegate.swift in Sources */,
				A0B9F4C728DA2A4C00F2DF06 /* TermsView.swift in Sources */,
				13BD501028DA297500C0EA7C /* LoginViewController.swift in Sources */,
				1359F14B28DA489A009509DF /* DayRepository.swift in Sources */,
				A0A8BAB628E4E824006A8BDD /* String+Localization.swift in Sources */,
				13EC5C5428DB902F005F7128 /* DefaultDesignDefaultImages.swift in Sources */,
				DF5F774128CA7E1600BA5F5F /* DesignSystem+UIFont.swift in Sources */,
			);
			runOnlyForDeploymentPostprocessing = 0;
		};
		B078F22728C27F2500D46F61 /* Sources */ = {
			isa = PBXSourcesBuildPhase;
			buildActionMask = 2147483647;
			files = (
				B078F23028C27F2500D46F61 /* macroChallengeAppTests.swift in Sources */,
			);
			runOnlyForDeploymentPostprocessing = 0;
		};
		B078F23128C27F2500D46F61 /* Sources */ = {
			isa = PBXSourcesBuildPhase;
			buildActionMask = 2147483647;
			files = (
				B078F23A28C27F2500D46F61 /* macroChallengeAppUITests.swift in Sources */,
				B078F23C28C27F2500D46F61 /* macroChallengeAppUITestsLaunchTests.swift in Sources */,
			);
			runOnlyForDeploymentPostprocessing = 0;
		};
/* End PBXSourcesBuildPhase section */

/* Begin PBXTargetDependency section */
		B078F22D28C27F2500D46F61 /* PBXTargetDependency */ = {
			isa = PBXTargetDependency;
			target = B078F21128C27F2000D46F61 /* macroChallengeApp */;
			targetProxy = B078F22C28C27F2500D46F61 /* PBXContainerItemProxy */;
		};
		B078F23728C27F2500D46F61 /* PBXTargetDependency */ = {
			isa = PBXTargetDependency;
			target = B078F21128C27F2000D46F61 /* macroChallengeApp */;
			targetProxy = B078F23628C27F2500D46F61 /* PBXContainerItemProxy */;
		};
/* End PBXTargetDependency section */

/* Begin PBXVariantGroup section */
		A0A8BABC28E4E8C0006A8BDD /* Localizable.strings */ = {
			isa = PBXVariantGroup;
			children = (
				A0A8BABB28E4E8C0006A8BDD /* en */,
				A0A8BABE28E4E8CE006A8BDD /* pt-BR */,
			);
			name = Localizable.strings;
			sourceTree = "<group>";
		};
		B078F22328C27F2400D46F61 /* LaunchScreen.storyboard */ = {
			isa = PBXVariantGroup;
			children = (
				B078F22428C27F2400D46F61 /* Base */,
				A0A8BABD28E4E8CE006A8BDD /* pt-BR */,
			);
			name = LaunchScreen.storyboard;
			sourceTree = "<group>";
		};
/* End PBXVariantGroup section */

/* Begin XCBuildConfiguration section */
		B078F23D28C27F2500D46F61 /* Debug */ = {
			isa = XCBuildConfiguration;
			buildSettings = {
				ALWAYS_SEARCH_USER_PATHS = NO;
				CLANG_ANALYZER_LOCALIZABILITY_NONLOCALIZED = YES;
				CLANG_ANALYZER_NONNULL = YES;
				CLANG_ANALYZER_NUMBER_OBJECT_CONVERSION = YES_AGGRESSIVE;
				CLANG_CXX_LANGUAGE_STANDARD = "gnu++17";
				CLANG_ENABLE_MODULES = YES;
				CLANG_ENABLE_OBJC_ARC = YES;
				CLANG_ENABLE_OBJC_WEAK = YES;
				CLANG_WARN_BLOCK_CAPTURE_AUTORELEASING = YES;
				CLANG_WARN_BOOL_CONVERSION = YES;
				CLANG_WARN_COMMA = YES;
				CLANG_WARN_CONSTANT_CONVERSION = YES;
				CLANG_WARN_DEPRECATED_OBJC_IMPLEMENTATIONS = YES;
				CLANG_WARN_DIRECT_OBJC_ISA_USAGE = YES_ERROR;
				CLANG_WARN_DOCUMENTATION_COMMENTS = YES;
				CLANG_WARN_EMPTY_BODY = YES;
				CLANG_WARN_ENUM_CONVERSION = YES;
				CLANG_WARN_INFINITE_RECURSION = YES;
				CLANG_WARN_INT_CONVERSION = YES;
				CLANG_WARN_NON_LITERAL_NULL_CONVERSION = YES;
				CLANG_WARN_OBJC_IMPLICIT_RETAIN_SELF = YES;
				CLANG_WARN_OBJC_LITERAL_CONVERSION = YES;
				CLANG_WARN_OBJC_ROOT_CLASS = YES_ERROR;
				CLANG_WARN_QUOTED_INCLUDE_IN_FRAMEWORK_HEADER = YES;
				CLANG_WARN_RANGE_LOOP_ANALYSIS = YES;
				CLANG_WARN_STRICT_PROTOTYPES = YES;
				CLANG_WARN_SUSPICIOUS_MOVE = YES;
				CLANG_WARN_UNGUARDED_AVAILABILITY = YES_AGGRESSIVE;
				CLANG_WARN_UNREACHABLE_CODE = YES;
				CLANG_WARN__DUPLICATE_METHOD_MATCH = YES;
				COPY_PHASE_STRIP = NO;
				DEBUG_INFORMATION_FORMAT = dwarf;
				ENABLE_STRICT_OBJC_MSGSEND = YES;
				ENABLE_TESTABILITY = YES;
				GCC_C_LANGUAGE_STANDARD = gnu11;
				GCC_DYNAMIC_NO_PIC = NO;
				GCC_NO_COMMON_BLOCKS = YES;
				GCC_OPTIMIZATION_LEVEL = 0;
				GCC_PREPROCESSOR_DEFINITIONS = (
					"DEBUG=1",
					"$(inherited)",
				);
				GCC_WARN_64_TO_32_BIT_CONVERSION = YES;
				GCC_WARN_ABOUT_RETURN_TYPE = YES_ERROR;
				GCC_WARN_UNDECLARED_SELECTOR = YES;
				GCC_WARN_UNINITIALIZED_AUTOS = YES_AGGRESSIVE;
				GCC_WARN_UNUSED_FUNCTION = YES;
				GCC_WARN_UNUSED_VARIABLE = YES;
				IPHONEOS_DEPLOYMENT_TARGET = 15.4;
				MTL_ENABLE_DEBUG_INFO = INCLUDE_SOURCE;
				MTL_FAST_MATH = YES;
				ONLY_ACTIVE_ARCH = YES;
				SDKROOT = iphoneos;
				SWIFT_ACTIVE_COMPILATION_CONDITIONS = DEBUG;
				SWIFT_OPTIMIZATION_LEVEL = "-Onone";
			};
			name = Debug;
		};
		B078F23E28C27F2500D46F61 /* Release */ = {
			isa = XCBuildConfiguration;
			buildSettings = {
				ALWAYS_SEARCH_USER_PATHS = NO;
				CLANG_ANALYZER_LOCALIZABILITY_NONLOCALIZED = YES;
				CLANG_ANALYZER_NONNULL = YES;
				CLANG_ANALYZER_NUMBER_OBJECT_CONVERSION = YES_AGGRESSIVE;
				CLANG_CXX_LANGUAGE_STANDARD = "gnu++17";
				CLANG_ENABLE_MODULES = YES;
				CLANG_ENABLE_OBJC_ARC = YES;
				CLANG_ENABLE_OBJC_WEAK = YES;
				CLANG_WARN_BLOCK_CAPTURE_AUTORELEASING = YES;
				CLANG_WARN_BOOL_CONVERSION = YES;
				CLANG_WARN_COMMA = YES;
				CLANG_WARN_CONSTANT_CONVERSION = YES;
				CLANG_WARN_DEPRECATED_OBJC_IMPLEMENTATIONS = YES;
				CLANG_WARN_DIRECT_OBJC_ISA_USAGE = YES_ERROR;
				CLANG_WARN_DOCUMENTATION_COMMENTS = YES;
				CLANG_WARN_EMPTY_BODY = YES;
				CLANG_WARN_ENUM_CONVERSION = YES;
				CLANG_WARN_INFINITE_RECURSION = YES;
				CLANG_WARN_INT_CONVERSION = YES;
				CLANG_WARN_NON_LITERAL_NULL_CONVERSION = YES;
				CLANG_WARN_OBJC_IMPLICIT_RETAIN_SELF = YES;
				CLANG_WARN_OBJC_LITERAL_CONVERSION = YES;
				CLANG_WARN_OBJC_ROOT_CLASS = YES_ERROR;
				CLANG_WARN_QUOTED_INCLUDE_IN_FRAMEWORK_HEADER = YES;
				CLANG_WARN_RANGE_LOOP_ANALYSIS = YES;
				CLANG_WARN_STRICT_PROTOTYPES = YES;
				CLANG_WARN_SUSPICIOUS_MOVE = YES;
				CLANG_WARN_UNGUARDED_AVAILABILITY = YES_AGGRESSIVE;
				CLANG_WARN_UNREACHABLE_CODE = YES;
				CLANG_WARN__DUPLICATE_METHOD_MATCH = YES;
				COPY_PHASE_STRIP = NO;
				DEBUG_INFORMATION_FORMAT = "dwarf-with-dsym";
				ENABLE_NS_ASSERTIONS = NO;
				ENABLE_STRICT_OBJC_MSGSEND = YES;
				GCC_C_LANGUAGE_STANDARD = gnu11;
				GCC_NO_COMMON_BLOCKS = YES;
				GCC_WARN_64_TO_32_BIT_CONVERSION = YES;
				GCC_WARN_ABOUT_RETURN_TYPE = YES_ERROR;
				GCC_WARN_UNDECLARED_SELECTOR = YES;
				GCC_WARN_UNINITIALIZED_AUTOS = YES_AGGRESSIVE;
				GCC_WARN_UNUSED_FUNCTION = YES;
				GCC_WARN_UNUSED_VARIABLE = YES;
				IPHONEOS_DEPLOYMENT_TARGET = 15.4;
				MTL_ENABLE_DEBUG_INFO = NO;
				MTL_FAST_MATH = YES;
				SDKROOT = iphoneos;
				SWIFT_COMPILATION_MODE = wholemodule;
				SWIFT_OPTIMIZATION_LEVEL = "-O";
				VALIDATE_PRODUCT = YES;
			};
			name = Release;
		};
		B078F24028C27F2500D46F61 /* Debug */ = {
			isa = XCBuildConfiguration;
			baseConfigurationReference = 9F3A7956A6476CF7C11EC092 /* Pods-macroChallengeApp.debug.xcconfig */;
			buildSettings = {
				ASSETCATALOG_COMPILER_APPICON_NAME = AppIcon;
				ASSETCATALOG_COMPILER_GLOBAL_ACCENT_COLOR_NAME = AccentColor;
				CODE_SIGN_ENTITLEMENTS = macroChallengeApp/macroChallengeApp.entitlements;
				CODE_SIGN_STYLE = Automatic;
				CURRENT_PROJECT_VERSION = 1;
				DEVELOPMENT_TEAM = 9R89XP5A63;
				GENERATE_INFOPLIST_FILE = YES;
				INFOPLIST_FILE = macroChallengeApp/Info.plist;
				INFOPLIST_KEY_NSLocationWhenInUseUsageDescription = "We need your location";
				INFOPLIST_KEY_UIApplicationSupportsIndirectInputEvents = YES;
				INFOPLIST_KEY_UILaunchStoryboardName = LaunchScreen;
				INFOPLIST_KEY_UISupportedInterfaceOrientations_iPad = "UIInterfaceOrientationPortrait UIInterfaceOrientationPortraitUpsideDown UIInterfaceOrientationLandscapeLeft UIInterfaceOrientationLandscapeRight";
				INFOPLIST_KEY_UISupportedInterfaceOrientations_iPhone = "UIInterfaceOrientationPortrait UIInterfaceOrientationLandscapeLeft UIInterfaceOrientationLandscapeRight";
				LD_RUNPATH_SEARCH_PATHS = (
					"$(inherited)",
					"@executable_path/Frameworks",
				);
				MARKETING_VERSION = 1.0;
				PRODUCT_BUNDLE_IDENTIFIER = br.dev.grupoUm.macroChallengeApp;
				PRODUCT_NAME = "$(TARGET_NAME)";
				SWIFT_EMIT_LOC_STRINGS = YES;
				SWIFT_VERSION = 5.0;
				TARGETED_DEVICE_FAMILY = "1,2";
			};
			name = Debug;
		};
		B078F24128C27F2500D46F61 /* Release */ = {
			isa = XCBuildConfiguration;
			baseConfigurationReference = B897B6EEE760DBB56A9888E4 /* Pods-macroChallengeApp.release.xcconfig */;
			buildSettings = {
				ASSETCATALOG_COMPILER_APPICON_NAME = AppIcon;
				ASSETCATALOG_COMPILER_GLOBAL_ACCENT_COLOR_NAME = AccentColor;
				CODE_SIGN_ENTITLEMENTS = macroChallengeApp/macroChallengeApp.entitlements;
				CODE_SIGN_STYLE = Automatic;
				CURRENT_PROJECT_VERSION = 1;
				DEVELOPMENT_TEAM = 9R89XP5A63;
				GENERATE_INFOPLIST_FILE = YES;
				INFOPLIST_FILE = macroChallengeApp/Info.plist;
				INFOPLIST_KEY_NSLocationWhenInUseUsageDescription = "We need your location";
				INFOPLIST_KEY_UIApplicationSupportsIndirectInputEvents = YES;
				INFOPLIST_KEY_UILaunchStoryboardName = LaunchScreen;
				INFOPLIST_KEY_UISupportedInterfaceOrientations_iPad = "UIInterfaceOrientationPortrait UIInterfaceOrientationPortraitUpsideDown UIInterfaceOrientationLandscapeLeft UIInterfaceOrientationLandscapeRight";
				INFOPLIST_KEY_UISupportedInterfaceOrientations_iPhone = "UIInterfaceOrientationPortrait UIInterfaceOrientationLandscapeLeft UIInterfaceOrientationLandscapeRight";
				LD_RUNPATH_SEARCH_PATHS = (
					"$(inherited)",
					"@executable_path/Frameworks",
				);
				MARKETING_VERSION = 1.0;
				PRODUCT_BUNDLE_IDENTIFIER = br.dev.grupoUm.macroChallengeApp;
				PRODUCT_NAME = "$(TARGET_NAME)";
				SWIFT_EMIT_LOC_STRINGS = YES;
				SWIFT_VERSION = 5.0;
				TARGETED_DEVICE_FAMILY = "1,2";
			};
			name = Release;
		};
		B078F24328C27F2500D46F61 /* Debug */ = {
			isa = XCBuildConfiguration;
			baseConfigurationReference = 277A5A175FEAF690AE55045F /* Pods-macroChallengeAppTests.debug.xcconfig */;
			buildSettings = {
				ALWAYS_EMBED_SWIFT_STANDARD_LIBRARIES = YES;
				BUNDLE_LOADER = "$(TEST_HOST)";
				CODE_SIGN_STYLE = Automatic;
				CURRENT_PROJECT_VERSION = 1;
				DEVELOPMENT_TEAM = 9R89XP5A63;
				GENERATE_INFOPLIST_FILE = YES;
				IPHONEOS_DEPLOYMENT_TARGET = 15.5;
				MARKETING_VERSION = 1.0;
				PRODUCT_BUNDLE_IDENTIFIER = br.dev.grupoUm2022.macroChallengeAppTests;
				PRODUCT_NAME = "$(TARGET_NAME)";
				SWIFT_EMIT_LOC_STRINGS = NO;
				SWIFT_VERSION = 5.0;
				TARGETED_DEVICE_FAMILY = "1,2";
				TEST_HOST = "$(BUILT_PRODUCTS_DIR)/macroChallengeApp.app/macroChallengeApp";
			};
			name = Debug;
		};
		B078F24428C27F2500D46F61 /* Release */ = {
			isa = XCBuildConfiguration;
			baseConfigurationReference = 4842CC9B9D145281B17CEC0E /* Pods-macroChallengeAppTests.release.xcconfig */;
			buildSettings = {
				ALWAYS_EMBED_SWIFT_STANDARD_LIBRARIES = YES;
				BUNDLE_LOADER = "$(TEST_HOST)";
				CODE_SIGN_STYLE = Automatic;
				CURRENT_PROJECT_VERSION = 1;
				DEVELOPMENT_TEAM = 9R89XP5A63;
				GENERATE_INFOPLIST_FILE = YES;
				IPHONEOS_DEPLOYMENT_TARGET = 15.5;
				MARKETING_VERSION = 1.0;
				PRODUCT_BUNDLE_IDENTIFIER = br.dev.grupoUm2022.macroChallengeAppTests;
				PRODUCT_NAME = "$(TARGET_NAME)";
				SWIFT_EMIT_LOC_STRINGS = NO;
				SWIFT_VERSION = 5.0;
				TARGETED_DEVICE_FAMILY = "1,2";
				TEST_HOST = "$(BUILT_PRODUCTS_DIR)/macroChallengeApp.app/macroChallengeApp";
			};
			name = Release;
		};
		B078F24628C27F2500D46F61 /* Debug */ = {
			isa = XCBuildConfiguration;
			baseConfigurationReference = DB4996FD9467D4E74060F7D0 /* Pods-macroChallengeApp-macroChallengeAppUITests.debug.xcconfig */;
			buildSettings = {
				ALWAYS_EMBED_SWIFT_STANDARD_LIBRARIES = YES;
				CODE_SIGN_STYLE = Automatic;
				CURRENT_PROJECT_VERSION = 1;
				DEVELOPMENT_TEAM = 9R89XP5A63;
				GENERATE_INFOPLIST_FILE = YES;
				MARKETING_VERSION = 1.0;
				PRODUCT_BUNDLE_IDENTIFIER = br.dev.grupoUm2022.macroChallengeAppUITests;
				PRODUCT_NAME = "$(TARGET_NAME)";
				SWIFT_EMIT_LOC_STRINGS = NO;
				SWIFT_VERSION = 5.0;
				TARGETED_DEVICE_FAMILY = "1,2";
				TEST_TARGET_NAME = macroChallengeApp;
			};
			name = Debug;
		};
		B078F24728C27F2500D46F61 /* Release */ = {
			isa = XCBuildConfiguration;
			baseConfigurationReference = A2717F6A055C734D418E1360 /* Pods-macroChallengeApp-macroChallengeAppUITests.release.xcconfig */;
			buildSettings = {
				ALWAYS_EMBED_SWIFT_STANDARD_LIBRARIES = YES;
				CODE_SIGN_STYLE = Automatic;
				CURRENT_PROJECT_VERSION = 1;
				DEVELOPMENT_TEAM = 9R89XP5A63;
				GENERATE_INFOPLIST_FILE = YES;
				MARKETING_VERSION = 1.0;
				PRODUCT_BUNDLE_IDENTIFIER = br.dev.grupoUm2022.macroChallengeAppUITests;
				PRODUCT_NAME = "$(TARGET_NAME)";
				SWIFT_EMIT_LOC_STRINGS = NO;
				SWIFT_VERSION = 5.0;
				TARGETED_DEVICE_FAMILY = "1,2";
				TEST_TARGET_NAME = macroChallengeApp;
			};
			name = Release;
		};
/* End XCBuildConfiguration section */

/* Begin XCConfigurationList section */
		B078F20D28C27F2000D46F61 /* Build configuration list for PBXProject "macroChallengeApp" */ = {
			isa = XCConfigurationList;
			buildConfigurations = (
				B078F23D28C27F2500D46F61 /* Debug */,
				B078F23E28C27F2500D46F61 /* Release */,
			);
			defaultConfigurationIsVisible = 0;
			defaultConfigurationName = Release;
		};
		B078F23F28C27F2500D46F61 /* Build configuration list for PBXNativeTarget "macroChallengeApp" */ = {
			isa = XCConfigurationList;
			buildConfigurations = (
				B078F24028C27F2500D46F61 /* Debug */,
				B078F24128C27F2500D46F61 /* Release */,
			);
			defaultConfigurationIsVisible = 0;
			defaultConfigurationName = Release;
		};
		B078F24228C27F2500D46F61 /* Build configuration list for PBXNativeTarget "macroChallengeAppTests" */ = {
			isa = XCConfigurationList;
			buildConfigurations = (
				B078F24328C27F2500D46F61 /* Debug */,
				B078F24428C27F2500D46F61 /* Release */,
			);
			defaultConfigurationIsVisible = 0;
			defaultConfigurationName = Release;
		};
		B078F24528C27F2500D46F61 /* Build configuration list for PBXNativeTarget "macroChallengeAppUITests" */ = {
			isa = XCConfigurationList;
			buildConfigurations = (
				B078F24628C27F2500D46F61 /* Debug */,
				B078F24728C27F2500D46F61 /* Release */,
			);
			defaultConfigurationIsVisible = 0;
			defaultConfigurationName = Release;
		};
/* End XCConfigurationList section */

/* Begin XCVersionGroup section */
		B078F21E28C27F2000D46F61 /* macroChallengeApp.xcdatamodeld */ = {
			isa = XCVersionGroup;
			children = (
				B078F21F28C27F2000D46F61 /* macroChallengeApp.xcdatamodel */,
			);
			currentVersion = B078F21F28C27F2000D46F61 /* macroChallengeApp.xcdatamodel */;
			path = macroChallengeApp.xcdatamodeld;
			sourceTree = "<group>";
			versionGroupType = wrapper.xcdatamodel;
		};
/* End XCVersionGroup section */
	};
	rootObject = B078F20A28C27F2000D46F61 /* Project object */;
}
